{
  "version": 4,
  "terraform_version": "0.12.24",
  "serial": 78,
  "lineage": "9cdc4d65-137c-8f99-9c0e-98a4c1463add",
  "outputs": {},
  "resources": [
    {
      "module": "module.subnets",
      "mode": "data",
      "type": "aws_ami",
      "name": "nat_instance",
      "each": "list",
      "provider": "provider.aws",
      "instances": []
    },
    {
      "module": "module.subnets",
      "mode": "data",
      "type": "aws_availability_zones",
      "name": "available",
      "provider": "provider.aws",
      "instances": [
        {
          "schema_version": 0,
          "attributes": {
            "all_availability_zones": null,
            "blacklisted_names": null,
            "blacklisted_zone_ids": null,
            "filter": null,
            "group_names": [
              "us-east-2"
            ],
            "id": "2020-05-07 19:27:36.217701 +0000 UTC",
            "names": [
              "us-east-2a",
              "us-east-2b",
              "us-east-2c"
            ],
            "state": null,
            "zone_ids": [
              "use2-az1",
              "use2-az2",
              "use2-az3"
            ]
          }
        }
      ]
    },
    {
      "module": "module.build",
      "mode": "data",
      "type": "aws_caller_identity",
      "name": "default",
      "provider": "provider.aws",
      "instances": [
        {
          "schema_version": 0,
          "attributes": {
            "account_id": "626890281217",
            "arn": "arn:aws:iam::626890281217:user/tim",
            "id": "2020-05-07 19:27:36.550658 +0000 UTC",
            "user_id": "AIDAZD5MSSEA5T3BTXYIT"
          }
        }
      ]
    },
    {
      "module": "module.build.module.codebuild",
      "mode": "data",
      "type": "aws_caller_identity",
      "name": "default",
      "provider": "provider.aws",
      "instances": [
        {
          "schema_version": 0,
          "attributes": {
            "account_id": "626890281217",
            "arn": "arn:aws:iam::626890281217:user/tim",
            "id": "2020-05-07 19:27:36.542529 +0000 UTC",
            "user_id": "AIDAZD5MSSEA5T3BTXYIT"
          }
        }
      ]
    },
    {
      "module": "module.elastic_beanstalk_environment",
      "mode": "data",
      "type": "aws_elb_service_account",
      "name": "main",
      "each": "list",
      "provider": "provider.aws",
      "instances": [
        {
          "index_key": 0,
          "schema_version": 0,
          "attributes": {
            "arn": "arn:aws:iam::033677994240:root",
            "id": "033677994240",
            "region": null
          }
        }
      ]
    },
    {
      "module": "module.build",
      "mode": "data",
      "type": "aws_iam_policy_document",
      "name": "assume",
      "each": "list",
      "provider": "provider.aws",
      "instances": [
        {
          "index_key": 0,
          "schema_version": 0,
          "attributes": {
            "id": "382154967",
            "json": "{\n  \"Version\": \"2012-10-17\",\n  \"Statement\": [\n    {\n      \"Sid\": \"\",\n      \"Effect\": \"Allow\",\n      \"Action\": \"sts:AssumeRole\",\n      \"Principal\": {\n        \"Service\": \"codepipeline.amazonaws.com\"\n      }\n    }\n  ]\n}",
            "override_json": null,
            "policy_id": null,
            "source_json": null,
            "statement": [
              {
                "actions": [
                  "sts:AssumeRole"
                ],
                "condition": [],
                "effect": "Allow",
                "not_actions": [],
                "not_principals": [],
                "not_resources": [],
                "principals": [
                  {
                    "identifiers": [
                      "codepipeline.amazonaws.com"
                    ],
                    "type": "Service"
                  }
                ],
                "resources": [],
                "sid": ""
              }
            ],
            "version": "2012-10-17"
          }
        }
      ]
    },
    {
      "module": "module.build",
      "mode": "data",
      "type": "aws_iam_policy_document",
      "name": "codebuild",
      "each": "list",
      "provider": "provider.aws",
      "instances": [
        {
          "index_key": 0,
          "schema_version": 0,
          "attributes": {
            "id": "680716132",
            "json": "{\n  \"Version\": \"2012-10-17\",\n  \"Statement\": [\n    {\n      \"Sid\": \"\",\n      \"Effect\": \"Allow\",\n      \"Action\": \"codebuild:*\",\n      \"Resource\": \"arn:aws:codebuild:us-east-2:626890281217:project/eg-staging-app-build\"\n    }\n  ]\n}",
            "override_json": null,
            "policy_id": null,
            "source_json": null,
            "statement": [
              {
                "actions": [
                  "codebuild:*"
                ],
                "condition": [],
                "effect": "Allow",
                "not_actions": [],
                "not_principals": [],
                "not_resources": [],
                "principals": [],
                "resources": [
                  "arn:aws:codebuild:us-east-2:626890281217:project/eg-staging-app-build"
                ],
                "sid": ""
              }
            ],
            "version": "2012-10-17"
          }
        }
      ]
    },
    {
      "module": "module.elastic_beanstalk_environment",
      "mode": "data",
      "type": "aws_iam_policy_document",
      "name": "default",
      "provider": "provider.aws",
      "instances": [
        {
          "schema_version": 0,
          "attributes": {
            "id": "3758299711",
            "json": "{\n  \"Version\": \"2012-10-17\",\n  \"Statement\": [\n    {\n      \"Sid\": \"\",\n      \"Effect\": \"Allow\",\n      \"Action\": [\n        \"sqs:GetQueueUrl\",\n        \"sqs:GetQueueAttributes\",\n        \"elasticloadbalancing:DescribeTargetHealth\",\n        \"elasticloadbalancing:DescribeLoadBalancers\",\n        \"elasticloadbalancing:DescribeInstanceHealth\",\n        \"ec2:GetConsoleOutput\",\n        \"ec2:DescribeSecurityGroups\",\n        \"ec2:DescribeInstances\",\n        \"ec2:DescribeInstanceStatus\",\n        \"ec2:DescribeAddresses\",\n        \"ec2:AssociateAddress\",\n        \"autoscaling:DescribeScalingActivities\",\n        \"autoscaling:DescribeNotificationConfigurations\",\n        \"autoscaling:DescribeAutoScalingInstances\",\n        \"autoscaling:DescribeAutoScalingGroups\"\n      ],\n      \"Resource\": \"*\"\n    },\n    {\n      \"Sid\": \"AllowOperations\",\n      \"Effect\": \"Allow\",\n      \"Action\": [\n        \"sqs:GetQueueUrl\",\n        \"sqs:GetQueueAttributes\",\n        \"sns:Subscribe\",\n        \"sns:ListSubscriptionsByTopic\",\n        \"sns:GetTopicAttributes\",\n        \"sns:CreateTopic\",\n        \"s3:ListBucket\",\n        \"s3:GetObjectAcl\",\n        \"s3:GetObject\",\n        \"rds:DescribeOrderableDBInstanceOptions\",\n        \"rds:DescribeDBInstances\",\n        \"rds:DescribeDBEngineVersions\",\n        \"logs:PutRetentionPolicy\",\n        \"logs:CreateLogGroup\",\n        \"iam:PassRole\",\n        \"iam:ListRoles\",\n        \"elasticloadbalancing:RegisterTargets\",\n        \"elasticloadbalancing:RegisterInstancesWithLoadBalancer\",\n        \"elasticloadbalancing:DescribeTargetHealth\",\n        \"elasticloadbalancing:DescribeTargetGroups\",\n        \"elasticloadbalancing:DescribeLoadBalancers\",\n        \"elasticloadbalancing:DescribeInstanceHealth\",\n        \"elasticloadbalancing:DeregisterTargets\",\n        \"elasticloadbalancing:DeregisterInstancesFromLoadBalancer\",\n        \"elasticloadbalancing:DeleteLoadBalancer\",\n        \"elasticloadbalancing:CreateLoadBalancer\",\n        \"elasticloadbalancing:ConfigureHealthCheck\",\n        \"elasticloadbalancing:ApplySecurityGroupsToLoadBalancer\",\n        \"elasticbeanstalk:*\",\n        \"ecs:RegisterTaskDefinition\",\n        \"ecs:DescribeClusters\",\n        \"ecs:DeleteCluster\",\n        \"ecs:CreateCluster\",\n        \"ec2:TerminateInstances\",\n        \"ec2:RevokeSecurityGroupIngress\",\n        \"ec2:RevokeSecurityGroupEgress\",\n        \"ec2:ReleaseAddress\",\n        \"ec2:DisassociateAddress\",\n        \"ec2:DescribeVpcs\",\n        \"ec2:DescribeSubnets\",\n        \"ec2:DescribeSnapshots\",\n        \"ec2:DescribeSecurityGroups\",\n        \"ec2:DescribeKeyPairs\",\n        \"ec2:DescribeInstances\",\n        \"ec2:DescribeImages\",\n        \"ec2:DescribeAddresses\",\n        \"ec2:DescribeAccountAttributes\",\n        \"ec2:DeleteSecurityGroup\",\n        \"ec2:CreateSecurityGroup\",\n        \"ec2:AuthorizeSecurityGroupIngress\",\n        \"ec2:AuthorizeSecurityGroupEgress\",\n        \"ec2:AssociateAddress\",\n        \"ec2:AllocateAddress\",\n        \"codebuild:StartBuild\",\n        \"codebuild:DeleteProject\",\n        \"codebuild:CreateProject\",\n        \"codebuild:BatchGetBuilds\",\n        \"cloudwatch:PutMetricAlarm\",\n        \"autoscaling:UpdateAutoScalingGroup\",\n        \"autoscaling:TerminateInstanceInAutoScalingGroup\",\n        \"autoscaling:SuspendProcesses\",\n        \"autoscaling:SetDesiredCapacity\",\n        \"autoscaling:ResumeProcesses\",\n        \"autoscaling:PutScheduledUpdateGroupAction\",\n        \"autoscaling:DetachInstances\",\n        \"autoscaling:DescribeScheduledActions\",\n        \"autoscaling:DescribeScalingActivities\",\n        \"autoscaling:DescribeNotificationConfigurations\",\n        \"autoscaling:DescribeLoadBalancers\",\n        \"autoscaling:DescribeLaunchConfigurations\",\n        \"autoscaling:DescribeAutoScalingInstances\",\n        \"autoscaling:DescribeAutoScalingGroups\",\n        \"autoscaling:DescribeAccountLimits\",\n        \"autoscaling:DeleteScheduledAction\",\n        \"autoscaling:DeleteLaunchConfiguration\",\n        \"autoscaling:DeleteAutoScalingGroup\",\n        \"autoscaling:CreateLaunchConfiguration\",\n        \"autoscaling:CreateAutoScalingGroup\",\n        \"autoscaling:AttachInstances\"\n      ],\n      \"Resource\": \"*\"\n    },\n    {\n      \"Sid\": \"AllowS3OperationsOnElasticBeanstalkBuckets\",\n      \"Effect\": \"Allow\",\n      \"Action\": \"s3:*\",\n      \"Resource\": \"arn:aws:s3:::*\"\n    },\n    {\n      \"Sid\": \"AllowDeleteCloudwatchLogGroups\",\n      \"Effect\": \"Allow\",\n      \"Action\": \"logs:DeleteLogGroup\",\n      \"Resource\": \"arn:aws:logs:*:*:log-group:/aws/elasticbeanstalk*\"\n    },\n    {\n      \"Sid\": \"AllowCloudformationOperationsOnElasticBeanstalkStacks\",\n      \"Effect\": \"Allow\",\n      \"Action\": \"cloudformation:*\",\n      \"Resource\": [\n        \"arn:aws:cloudformation:*:*:stack/eb-*\",\n        \"arn:aws:cloudformation:*:*:stack/awseb-*\"\n      ]\n    }\n  ]\n}",
            "override_json": null,
            "policy_id": null,
            "source_json": null,
            "statement": [
              {
                "actions": [
                  "autoscaling:DescribeAutoScalingGroups",
                  "autoscaling:DescribeAutoScalingInstances",
                  "autoscaling:DescribeNotificationConfigurations",
                  "autoscaling:DescribeScalingActivities",
                  "ec2:AssociateAddress",
                  "ec2:DescribeAddresses",
                  "ec2:DescribeInstanceStatus",
                  "ec2:DescribeInstances",
                  "ec2:DescribeSecurityGroups",
                  "ec2:GetConsoleOutput",
                  "elasticloadbalancing:DescribeInstanceHealth",
                  "elasticloadbalancing:DescribeLoadBalancers",
                  "elasticloadbalancing:DescribeTargetHealth",
                  "sqs:GetQueueAttributes",
                  "sqs:GetQueueUrl"
                ],
                "condition": [],
                "effect": "Allow",
                "not_actions": [],
                "not_principals": [],
                "not_resources": [],
                "principals": [],
                "resources": [
                  "*"
                ],
                "sid": ""
              },
              {
                "actions": [
                  "autoscaling:AttachInstances",
                  "autoscaling:CreateAutoScalingGroup",
                  "autoscaling:CreateLaunchConfiguration",
                  "autoscaling:DeleteAutoScalingGroup",
                  "autoscaling:DeleteLaunchConfiguration",
                  "autoscaling:DeleteScheduledAction",
                  "autoscaling:DescribeAccountLimits",
                  "autoscaling:DescribeAutoScalingGroups",
                  "autoscaling:DescribeAutoScalingInstances",
                  "autoscaling:DescribeLaunchConfigurations",
                  "autoscaling:DescribeLoadBalancers",
                  "autoscaling:DescribeNotificationConfigurations",
                  "autoscaling:DescribeScalingActivities",
                  "autoscaling:DescribeScheduledActions",
                  "autoscaling:DetachInstances",
                  "autoscaling:PutScheduledUpdateGroupAction",
                  "autoscaling:ResumeProcesses",
                  "autoscaling:SetDesiredCapacity",
                  "autoscaling:SuspendProcesses",
                  "autoscaling:TerminateInstanceInAutoScalingGroup",
                  "autoscaling:UpdateAutoScalingGroup",
                  "cloudwatch:PutMetricAlarm",
                  "codebuild:BatchGetBuilds",
                  "codebuild:CreateProject",
                  "codebuild:DeleteProject",
                  "codebuild:StartBuild",
                  "ec2:AllocateAddress",
                  "ec2:AssociateAddress",
                  "ec2:AuthorizeSecurityGroupEgress",
                  "ec2:AuthorizeSecurityGroupIngress",
                  "ec2:CreateSecurityGroup",
                  "ec2:DeleteSecurityGroup",
                  "ec2:DescribeAccountAttributes",
                  "ec2:DescribeAddresses",
                  "ec2:DescribeImages",
                  "ec2:DescribeInstances",
                  "ec2:DescribeKeyPairs",
                  "ec2:DescribeSecurityGroups",
                  "ec2:DescribeSnapshots",
                  "ec2:DescribeSubnets",
                  "ec2:DescribeVpcs",
                  "ec2:DisassociateAddress",
                  "ec2:ReleaseAddress",
                  "ec2:RevokeSecurityGroupEgress",
                  "ec2:RevokeSecurityGroupIngress",
                  "ec2:TerminateInstances",
                  "ecs:CreateCluster",
                  "ecs:DeleteCluster",
                  "ecs:DescribeClusters",
                  "ecs:RegisterTaskDefinition",
                  "elasticbeanstalk:*",
                  "elasticloadbalancing:ApplySecurityGroupsToLoadBalancer",
                  "elasticloadbalancing:ConfigureHealthCheck",
                  "elasticloadbalancing:CreateLoadBalancer",
                  "elasticloadbalancing:DeleteLoadBalancer",
                  "elasticloadbalancing:DeregisterInstancesFromLoadBalancer",
                  "elasticloadbalancing:DeregisterTargets",
                  "elasticloadbalancing:DescribeInstanceHealth",
                  "elasticloadbalancing:DescribeLoadBalancers",
                  "elasticloadbalancing:DescribeTargetGroups",
                  "elasticloadbalancing:DescribeTargetHealth",
                  "elasticloadbalancing:RegisterInstancesWithLoadBalancer",
                  "elasticloadbalancing:RegisterTargets",
                  "iam:ListRoles",
                  "iam:PassRole",
                  "logs:CreateLogGroup",
                  "logs:PutRetentionPolicy",
                  "rds:DescribeDBEngineVersions",
                  "rds:DescribeDBInstances",
                  "rds:DescribeOrderableDBInstanceOptions",
                  "s3:GetObject",
                  "s3:GetObjectAcl",
                  "s3:ListBucket",
                  "sns:CreateTopic",
                  "sns:GetTopicAttributes",
                  "sns:ListSubscriptionsByTopic",
                  "sns:Subscribe",
                  "sqs:GetQueueAttributes",
                  "sqs:GetQueueUrl"
                ],
                "condition": [],
                "effect": "Allow",
                "not_actions": [],
                "not_principals": [],
                "not_resources": [],
                "principals": [],
                "resources": [
                  "*"
                ],
                "sid": "AllowOperations"
              },
              {
                "actions": [
                  "s3:*"
                ],
                "condition": [],
                "effect": "Allow",
                "not_actions": [],
                "not_principals": [],
                "not_resources": [],
                "principals": [],
                "resources": [
                  "arn:aws:s3:::*"
                ],
                "sid": "AllowS3OperationsOnElasticBeanstalkBuckets"
              },
              {
                "actions": [
                  "logs:DeleteLogGroup"
                ],
                "condition": [],
                "effect": "Allow",
                "not_actions": [],
                "not_principals": [],
                "not_resources": [],
                "principals": [],
                "resources": [
                  "arn:aws:logs:*:*:log-group:/aws/elasticbeanstalk*"
                ],
                "sid": "AllowDeleteCloudwatchLogGroups"
              },
              {
                "actions": [
                  "cloudformation:*"
                ],
                "condition": [],
                "effect": "Allow",
                "not_actions": [],
                "not_principals": [],
                "not_resources": [],
                "principals": [],
                "resources": [
                  "arn:aws:cloudformation:*:*:stack/awseb-*",
                  "arn:aws:cloudformation:*:*:stack/eb-*"
                ],
                "sid": "AllowCloudformationOperationsOnElasticBeanstalkStacks"
              }
            ],
            "version": "2012-10-17"
          }
        }
      ]
    },
    {
      "module": "module.build",
      "mode": "data",
      "type": "aws_iam_policy_document",
      "name": "default",
      "each": "list",
      "provider": "provider.aws",
      "instances": [
        {
          "index_key": 0,
          "schema_version": 0,
          "attributes": {
            "id": "708994608",
            "json": "{\n  \"Version\": \"2012-10-17\",\n  \"Statement\": [\n    {\n      \"Sid\": \"\",\n      \"Effect\": \"Allow\",\n      \"Action\": [\n        \"sqs:*\",\n        \"sns:*\",\n        \"s3:*\",\n        \"rds:*\",\n        \"logs:PutRetentionPolicy\",\n        \"iam:PassRole\",\n        \"elasticloadbalancing:*\",\n        \"elasticbeanstalk:*\",\n        \"ecs:*\",\n        \"ec2:*\",\n        \"cloudwatch:*\",\n        \"cloudformation:*\",\n        \"autoscaling:*\"\n      ],\n      \"Resource\": \"*\"\n    }\n  ]\n}",
            "override_json": null,
            "policy_id": null,
            "source_json": null,
            "statement": [
              {
                "actions": [
                  "autoscaling:*",
                  "cloudformation:*",
                  "cloudwatch:*",
                  "ec2:*",
                  "ecs:*",
                  "elasticbeanstalk:*",
                  "elasticloadbalancing:*",
                  "iam:PassRole",
                  "logs:PutRetentionPolicy",
                  "rds:*",
                  "s3:*",
                  "sns:*",
                  "sqs:*"
                ],
                "condition": [],
                "effect": "Allow",
                "not_actions": [],
                "not_principals": [],
                "not_resources": [],
                "principals": [],
                "resources": [
                  "*"
                ],
                "sid": ""
              }
            ],
            "version": "2012-10-17"
          }
        }
      ]
    },
    {
      "module": "module.elastic_beanstalk_environment",
      "mode": "data",
      "type": "aws_iam_policy_document",
      "name": "ec2",
      "provider": "provider.aws",
      "instances": [
        {
          "schema_version": 0,
          "attributes": {
            "id": "664989371",
            "json": "{\n  \"Version\": \"2012-10-17\",\n  \"Statement\": [\n    {\n      \"Sid\": \"\",\n      \"Effect\": \"Allow\",\n      \"Action\": \"sts:AssumeRole\",\n      \"Principal\": {\n        \"Service\": \"ec2.amazonaws.com\"\n      }\n    },\n    {\n      \"Sid\": \"\",\n      \"Effect\": \"Allow\",\n      \"Action\": \"sts:AssumeRole\",\n      \"Principal\": {\n        \"Service\": \"ssm.amazonaws.com\"\n      }\n    }\n  ]\n}",
            "override_json": null,
            "policy_id": null,
            "source_json": null,
            "statement": [
              {
                "actions": [
                  "sts:AssumeRole"
                ],
                "condition": [],
                "effect": "Allow",
                "not_actions": [],
                "not_principals": [],
                "not_resources": [],
                "principals": [
                  {
                    "identifiers": [
                      "ec2.amazonaws.com"
                    ],
                    "type": "Service"
                  }
                ],
                "resources": [],
                "sid": ""
              },
              {
                "actions": [
                  "sts:AssumeRole"
                ],
                "condition": [],
                "effect": "Allow",
                "not_actions": [],
                "not_principals": [],
                "not_resources": [],
                "principals": [
                  {
                    "identifiers": [
                      "ssm.amazonaws.com"
                    ],
                    "type": "Service"
                  }
                ],
                "resources": [],
                "sid": ""
              }
            ],
            "version": "2012-10-17"
          }
        }
      ]
    },
    {
      "module": "module.elastic_beanstalk_environment",
      "mode": "data",
      "type": "aws_iam_policy_document",
      "name": "elb_logs",
      "each": "list",
      "provider": "provider.aws",
      "instances": [
        {
          "index_key": 0,
          "schema_version": 0,
          "attributes": {
            "id": "4118818466",
            "json": "{\n  \"Version\": \"2012-10-17\",\n  \"Statement\": [\n    {\n      \"Sid\": \"\",\n      \"Effect\": \"Allow\",\n      \"Action\": \"s3:PutObject\",\n      \"Resource\": \"arn:aws:s3:::enpoint-test-env-eb-loadbalancer-logs/*\",\n      \"Principal\": {\n        \"AWS\": \"arn:aws:iam::033677994240:root\"\n      }\n    }\n  ]\n}",
            "override_json": null,
            "policy_id": null,
            "source_json": null,
            "statement": [
              {
                "actions": [
                  "s3:PutObject"
                ],
                "condition": [],
                "effect": "Allow",
                "not_actions": [],
                "not_principals": [],
                "not_resources": [],
                "principals": [
                  {
                    "identifiers": [
                      "arn:aws:iam::033677994240:root"
                    ],
                    "type": "AWS"
                  }
                ],
                "resources": [
                  "arn:aws:s3:::enpoint-test-env-eb-loadbalancer-logs/*"
                ],
                "sid": ""
              }
            ],
            "version": "2012-10-17"
          }
        }
      ]
    },
    {
      "module": "module.build.module.codebuild",
      "mode": "data",
      "type": "aws_iam_policy_document",
      "name": "permissions",
      "provider": "provider.aws",
      "instances": [
        {
          "schema_version": 0,
          "attributes": {
            "id": "3556427379",
            "json": "{\n  \"Version\": \"2012-10-17\",\n  \"Statement\": [\n    {\n      \"Sid\": \"\",\n      \"Effect\": \"Allow\",\n      \"Action\": [\n        \"ssm:GetParameters\",\n        \"logs:PutLogEvents\",\n        \"logs:CreateLogStream\",\n        \"logs:CreateLogGroup\",\n        \"iam:PassRole\",\n        \"ecs:RunTask\",\n        \"ecr:UploadLayerPart\",\n        \"ecr:PutImage\",\n        \"ecr:InitiateLayerUpload\",\n        \"ecr:GetAuthorizationToken\",\n        \"ecr:CompleteLayerUpload\",\n        \"ecr:BatchCheckLayerAvailability\"\n      ],\n      \"Resource\": \"*\"\n    }\n  ]\n}",
            "override_json": null,
            "policy_id": null,
            "source_json": null,
            "statement": [
              {
                "actions": [
                  "ecr:BatchCheckLayerAvailability",
                  "ecr:CompleteLayerUpload",
                  "ecr:GetAuthorizationToken",
                  "ecr:InitiateLayerUpload",
                  "ecr:PutImage",
                  "ecr:UploadLayerPart",
                  "ecs:RunTask",
                  "iam:PassRole",
                  "logs:CreateLogGroup",
                  "logs:CreateLogStream",
                  "logs:PutLogEvents",
                  "ssm:GetParameters"
                ],
                "condition": [],
                "effect": "Allow",
                "not_actions": [],
                "not_principals": [],
                "not_resources": [],
                "principals": [],
                "resources": [
                  "*"
                ],
                "sid": ""
              }
            ],
            "version": "2012-10-17"
          }
        }
      ]
    },
    {
      "module": "module.build.module.codebuild",
      "mode": "data",
      "type": "aws_iam_policy_document",
      "name": "permissions_cache_bucket",
      "each": "list",
      "provider": "provider.aws",
      "instances": [
        {
          "index_key": 0,
          "schema_version": 0,
          "attributes": {
            "id": "2351152461",
            "json": "{\n  \"Version\": \"2012-10-17\",\n  \"Statement\": [\n    {\n      \"Sid\": \"\",\n      \"Effect\": \"Allow\",\n      \"Action\": \"s3:*\",\n      \"Resource\": [\n        \"arn:aws:s3:::eg-staging-app-build-ngvtsmemuazi/*\",\n        \"arn:aws:s3:::eg-staging-app-build-ngvtsmemuazi\"\n      ]\n    }\n  ]\n}",
            "override_json": null,
            "policy_id": null,
            "source_json": null,
            "statement": [
              {
                "actions": [
                  "s3:*"
                ],
                "condition": [],
                "effect": "Allow",
                "not_actions": [],
                "not_principals": [],
                "not_resources": [],
                "principals": [],
                "resources": [
                  "arn:aws:s3:::eg-staging-app-build-ngvtsmemuazi",
                  "arn:aws:s3:::eg-staging-app-build-ngvtsmemuazi/*"
                ],
                "sid": ""
              }
            ],
            "version": "2012-10-17"
          }
        }
      ]
    },
    {
      "module": "module.build.module.codebuild",
      "mode": "data",
      "type": "aws_iam_policy_document",
      "name": "role",
      "provider": "provider.aws",
      "instances": [
        {
          "schema_version": 0,
          "attributes": {
            "id": "442947395",
            "json": "{\n  \"Version\": \"2012-10-17\",\n  \"Statement\": [\n    {\n      \"Sid\": \"\",\n      \"Effect\": \"Allow\",\n      \"Action\": \"sts:AssumeRole\",\n      \"Principal\": {\n        \"Service\": \"codebuild.amazonaws.com\"\n      }\n    }\n  ]\n}",
            "override_json": null,
            "policy_id": null,
            "source_json": null,
            "statement": [
              {
                "actions": [
                  "sts:AssumeRole"
                ],
                "condition": [],
                "effect": "Allow",
                "not_actions": [],
                "not_principals": [],
                "not_resources": [],
                "principals": [
                  {
                    "identifiers": [
                      "codebuild.amazonaws.com"
                    ],
                    "type": "Service"
                  }
                ],
                "resources": [],
                "sid": ""
              }
            ],
            "version": "2012-10-17"
          }
        }
      ]
    },
    {
      "module": "module.build",
      "mode": "data",
      "type": "aws_iam_policy_document",
      "name": "s3",
      "each": "list",
      "provider": "provider.aws",
      "instances": []
    },
    {
      "module": "module.elastic_beanstalk_environment",
      "mode": "data",
      "type": "aws_iam_policy_document",
      "name": "service",
      "provider": "provider.aws",
      "instances": [
        {
          "schema_version": 0,
          "attributes": {
            "id": "3596823395",
            "json": "{\n  \"Version\": \"2012-10-17\",\n  \"Statement\": [\n    {\n      \"Sid\": \"\",\n      \"Effect\": \"Allow\",\n      \"Action\": \"sts:AssumeRole\",\n      \"Principal\": {\n        \"Service\": \"elasticbeanstalk.amazonaws.com\"\n      }\n    }\n  ]\n}",
            "override_json": null,
            "policy_id": null,
            "source_json": null,
            "statement": [
              {
                "actions": [
                  "sts:AssumeRole"
                ],
                "condition": [],
                "effect": "Allow",
                "not_actions": [],
                "not_principals": [],
                "not_resources": [],
                "principals": [
                  {
                    "identifiers": [
                      "elasticbeanstalk.amazonaws.com"
                    ],
                    "type": "Service"
                  }
                ],
                "resources": [],
                "sid": ""
              }
            ],
            "version": "2012-10-17"
          }
        }
      ]
    },
    {
      "module": "module.build",
      "mode": "data",
      "type": "aws_region",
      "name": "default",
      "provider": "provider.aws",
      "instances": [
        {
          "schema_version": 0,
          "attributes": {
            "current": null,
            "description": "US East (Ohio)",
            "endpoint": "ec2.us-east-2.amazonaws.com",
            "id": "us-east-2",
            "name": "us-east-2"
          }
        }
      ]
    },
    {
      "module": "module.build.module.codebuild",
      "mode": "data",
      "type": "aws_region",
      "name": "default",
      "provider": "provider.aws",
      "instances": [
        {
          "schema_version": 0,
          "attributes": {
            "current": null,
            "description": "US East (Ohio)",
            "endpoint": "ec2.us-east-2.amazonaws.com",
            "id": "us-east-2",
            "name": "us-east-2"
          }
        }
      ]
    },
    {
      "module": "module.subnets",
      "mode": "data",
      "type": "aws_vpc",
      "name": "default",
      "provider": "provider.aws",
      "instances": [
        {
          "schema_version": 0,
          "attributes": {
            "arn": "arn:aws:ec2:us-east-2:626890281217:vpc/vpc-0fa06d0dc8235eb93",
            "cidr_block": "172.16.0.0/16",
            "cidr_block_associations": [
              {
                "association_id": "vpc-cidr-assoc-0be518c8ea1c1298b",
                "cidr_block": "172.16.0.0/16",
                "state": "associated"
              }
            ],
            "default": false,
            "dhcp_options_id": "dopt-dd03b7b6",
            "enable_dns_hostnames": true,
            "enable_dns_support": true,
            "filter": null,
            "id": "vpc-0fa06d0dc8235eb93",
            "instance_tenancy": "default",
            "ipv6_association_id": "vpc-cidr-assoc-02983c3b5a09ad74a",
            "ipv6_cidr_block": "2600:1f16:253:600::/56",
            "main_route_table_id": "rtb-08cf5f324857f6d15",
            "owner_id": "626890281217",
            "state": "available",
            "tags": {
              "Name": "endpoint-test-vpc",
              "Namespace": "endpoint",
              "Stage": "test"
            }
          }
        }
      ]
    },
    {
      "module": "module.subnets.module.nat_instance_label",
      "mode": "data",
      "type": "null_data_source",
      "name": "tags_as_list_of_maps",
      "each": "list",
      "provider": "provider.null",
      "instances": [
        {
          "index_key": 0,
          "schema_version": 0,
          "attributes": {
            "has_computed_default": "default",
            "id": "static",
            "inputs": {
              "key": "Attributes",
              "value": "nat-instance"
            },
            "outputs": {
              "key": "Attributes",
              "value": "nat-instance"
            },
            "random": "50237865275599598"
          }
        },
        {
          "index_key": 1,
          "schema_version": 0,
          "attributes": {
            "has_computed_default": "default",
            "id": "static",
            "inputs": {
              "key": "Name",
              "value": "endpoint-test-subnet-nat-instance"
            },
            "outputs": {
              "key": "Name",
              "value": "endpoint-test-subnet-nat-instance"
            },
            "random": "6894434391167671400"
          }
        },
        {
          "index_key": 2,
          "schema_version": 0,
          "attributes": {
            "has_computed_default": "default",
            "id": "static",
            "inputs": {
              "key": "Namespace",
              "value": "endpoint"
            },
            "outputs": {
              "key": "Namespace",
              "value": "endpoint"
            },
            "random": "1909521800567724724"
          }
        },
        {
          "index_key": 3,
          "schema_version": 0,
          "attributes": {
            "has_computed_default": "default",
            "id": "static",
            "inputs": {
              "key": "Stage",
              "value": "test"
            },
            "outputs": {
              "key": "Stage",
              "value": "test"
            },
            "random": "6349695020673567916"
          }
        }
      ]
    },
    {
      "module": "module.subnets.module.public_label",
      "mode": "data",
      "type": "null_data_source",
      "name": "tags_as_list_of_maps",
      "each": "list",
      "provider": "provider.null",
      "instances": [
        {
          "index_key": 0,
          "schema_version": 0,
          "attributes": {
            "has_computed_default": "default",
            "id": "static",
            "inputs": {
              "key": "Attributes",
              "value": "public"
            },
            "outputs": {
              "key": "Attributes",
              "value": "public"
            },
            "random": "702759389818143362"
          }
        },
        {
          "index_key": 1,
          "schema_version": 0,
          "attributes": {
            "has_computed_default": "default",
            "id": "static",
            "inputs": {
              "key": "Name",
              "value": "endpoint-test-subnet"
            },
            "outputs": {
              "key": "Name",
              "value": "endpoint-test-subnet"
            },
            "random": "1155710747992599118"
          }
        },
        {
          "index_key": 2,
          "schema_version": 0,
          "attributes": {
            "has_computed_default": "default",
            "id": "static",
            "inputs": {
              "key": "Namespace",
              "value": "endpoint"
            },
            "outputs": {
              "key": "Namespace",
              "value": "endpoint"
            },
            "random": "8410194646749184130"
          }
        },
        {
          "index_key": 3,
          "schema_version": 0,
          "attributes": {
            "has_computed_default": "default",
            "id": "static",
            "inputs": {
              "key": "Stage",
              "value": "test"
            },
            "outputs": {
              "key": "Stage",
              "value": "test"
            },
            "random": "6326768665329465804"
          }
        },
        {
          "index_key": 4,
          "schema_version": 0,
          "attributes": {
            "has_computed_default": "default",
            "id": "static",
            "inputs": {
              "key": "cpco.io/subnet/type",
              "value": "public"
            },
            "outputs": {
              "key": "cpco.io/subnet/type",
              "value": "public"
            },
            "random": "687294815331953621"
          }
        }
      ]
    },
    {
      "module": "module.subnets.module.label",
      "mode": "data",
      "type": "null_data_source",
      "name": "tags_as_list_of_maps",
      "each": "list",
      "provider": "provider.null",
      "instances": [
        {
          "index_key": 0,
          "schema_version": 0,
          "attributes": {
            "has_computed_default": "default",
            "id": "static",
            "inputs": {
              "key": "Name",
              "value": "endpoint-test-subnet"
            },
            "outputs": {
              "key": "Name",
              "value": "endpoint-test-subnet"
            },
            "random": "1610841096117027206"
          }
        },
        {
          "index_key": 1,
          "schema_version": 0,
          "attributes": {
            "has_computed_default": "default",
            "id": "static",
            "inputs": {
              "key": "Namespace",
              "value": "endpoint"
            },
            "outputs": {
              "key": "Namespace",
              "value": "endpoint"
            },
            "random": "5845886708531835541"
          }
        },
        {
          "index_key": 2,
          "schema_version": 0,
          "attributes": {
            "has_computed_default": "default",
            "id": "static",
            "inputs": {
              "key": "Stage",
              "value": "test"
            },
            "outputs": {
              "key": "Stage",
              "value": "test"
            },
            "random": "8472466877672908993"
          }
        }
      ]
    },
    {
      "module": "module.subnets.module.nat_label",
      "mode": "data",
      "type": "null_data_source",
      "name": "tags_as_list_of_maps",
      "each": "list",
      "provider": "provider.null",
      "instances": [
        {
          "index_key": 0,
          "schema_version": 0,
          "attributes": {
            "has_computed_default": "default",
            "id": "static",
            "inputs": {
              "key": "Attributes",
              "value": "nat"
            },
            "outputs": {
              "key": "Attributes",
              "value": "nat"
            },
            "random": "1652427635104145475"
          }
        },
        {
          "index_key": 1,
          "schema_version": 0,
          "attributes": {
            "has_computed_default": "default",
            "id": "static",
            "inputs": {
              "key": "Name",
              "value": "endpoint-test-subnet-nat"
            },
            "outputs": {
              "key": "Name",
              "value": "endpoint-test-subnet-nat"
            },
            "random": "3292333582356856576"
          }
        },
        {
          "index_key": 2,
          "schema_version": 0,
          "attributes": {
            "has_computed_default": "default",
            "id": "static",
            "inputs": {
              "key": "Namespace",
              "value": "endpoint"
            },
            "outputs": {
              "key": "Namespace",
              "value": "endpoint"
            },
            "random": "3399366591930354253"
          }
        },
        {
          "index_key": 3,
          "schema_version": 0,
          "attributes": {
            "has_computed_default": "default",
            "id": "static",
            "inputs": {
              "key": "Stage",
              "value": "test"
            },
            "outputs": {
              "key": "Stage",
              "value": "test"
            },
            "random": "3117876690282378243"
          }
        }
      ]
    },
    {
      "module": "module.subnets.module.private_label",
      "mode": "data",
      "type": "null_data_source",
      "name": "tags_as_list_of_maps",
      "each": "list",
      "provider": "provider.null",
      "instances": [
        {
          "index_key": 0,
          "schema_version": 0,
          "attributes": {
            "has_computed_default": "default",
            "id": "static",
            "inputs": {
              "key": "Attributes",
              "value": "private"
            },
            "outputs": {
              "key": "Attributes",
              "value": "private"
            },
            "random": "6548019847259302140"
          }
        },
        {
          "index_key": 1,
          "schema_version": 0,
          "attributes": {
            "has_computed_default": "default",
            "id": "static",
            "inputs": {
              "key": "Name",
              "value": "endpoint-test-subnet"
            },
            "outputs": {
              "key": "Name",
              "value": "endpoint-test-subnet"
            },
            "random": "1214106706155347580"
          }
        },
        {
          "index_key": 2,
          "schema_version": 0,
          "attributes": {
            "has_computed_default": "default",
            "id": "static",
            "inputs": {
              "key": "Namespace",
              "value": "endpoint"
            },
            "outputs": {
              "key": "Namespace",
              "value": "endpoint"
            },
            "random": "3994769127798248662"
          }
        },
        {
          "index_key": 3,
          "schema_version": 0,
          "attributes": {
            "has_computed_default": "default",
            "id": "static",
            "inputs": {
              "key": "Stage",
              "value": "test"
            },
            "outputs": {
              "key": "Stage",
              "value": "test"
            },
            "random": "3173366860392848580"
          }
        },
        {
          "index_key": 4,
          "schema_version": 0,
          "attributes": {
            "has_computed_default": "default",
            "id": "static",
            "inputs": {
              "key": "cpco.io/subnet/type",
              "value": "private"
            },
            "outputs": {
              "key": "cpco.io/subnet/type",
              "value": "private"
            },
            "random": "9011733232959282678"
          }
        }
      ]
    },
    {
      "module": "module.vpc.module.label",
      "mode": "data",
      "type": "null_data_source",
      "name": "tags_as_list_of_maps",
      "each": "list",
      "provider": "provider.null",
      "instances": [
        {
          "index_key": 0,
          "schema_version": 0,
          "attributes": {
            "has_computed_default": "default",
            "id": "static",
            "inputs": {
              "key": "Name",
              "value": "endpoint-test-vpc"
            },
            "outputs": {
              "key": "Name",
              "value": "endpoint-test-vpc"
            },
            "random": "3020616824307544877"
          }
        },
        {
          "index_key": 1,
          "schema_version": 0,
          "attributes": {
            "has_computed_default": "default",
            "id": "static",
            "inputs": {
              "key": "Namespace",
              "value": "endpoint"
            },
            "outputs": {
              "key": "Namespace",
              "value": "endpoint"
            },
            "random": "861320782369157001"
          }
        },
        {
          "index_key": 2,
          "schema_version": 0,
          "attributes": {
            "has_computed_default": "default",
            "id": "static",
            "inputs": {
              "key": "Stage",
              "value": "test"
            },
            "outputs": {
              "key": "Stage",
              "value": "test"
            },
            "random": "9220851304684986673"
          }
        }
      ]
    },
    {
      "module": "module.build.module.codebuild",
      "mode": "managed",
      "type": "aws_codebuild_project",
      "name": "default",
      "each": "list",
      "provider": "provider.aws",
      "instances": [
        {
          "index_key": 0,
          "schema_version": 0,
          "attributes": {
            "arn": "arn:aws:codebuild:us-east-2:626890281217:project/eg-staging-app-build",
            "artifacts": [
              {
                "artifact_identifier": "",
                "encryption_disabled": false,
                "location": "",
                "name": "eg-staging-app-build",
                "namespace_type": "",
                "override_artifact_name": false,
                "packaging": "NONE",
                "path": "",
                "type": "CODEPIPELINE"
              }
            ],
            "badge_enabled": false,
            "badge_url": "",
            "build_timeout": 60,
            "cache": [
              {
                "location": "eg-staging-app-build-ngvtsmemuazi",
                "modes": null,
                "type": "S3"
              }
            ],
            "description": "",
            "encryption_key": "arn:aws:kms:us-east-2:626890281217:alias/aws/s3",
            "environment": [
              {
                "certificate": "",
                "compute_type": "BUILD_GENERAL1_SMALL",
                "environment_variable": [
                  {
                    "name": "AWS_REGION",
                    "type": "PLAINTEXT",
                    "value": "us-east-2"
                  },
                  {
                    "name": "AWS_ACCOUNT_ID",
                    "type": "PLAINTEXT",
                    "value": "626890281217"
                  },
                  {
                    "name": "IMAGE_REPO_NAME",
                    "type": "PLAINTEXT",
                    "value": "endpoint"
                  },
                  {
                    "name": "IMAGE_TAG",
                    "type": "PLAINTEXT",
                    "value": "latest"
                  },
                  {
                    "name": "STAGE",
                    "type": "PLAINTEXT",
                    "value": "staging"
                  },
                  {
                    "name": "GITHUB_TOKEN",
                    "type": "PLAINTEXT",
                    "value": "(Optional) \u003cGitHub Oauth Token with permissions to access private repositories\u003e"
                  },
                  {
                    "name": "NO_ADDITIONAL_BUILD_VARS",
                    "type": "PLAINTEXT",
                    "value": "TRUE"
                  }
                ],
                "image": "aws/codebuild/standard:2.0",
                "image_pull_credentials_type": "CODEBUILD",
                "privileged_mode": true,
                "registry_credential": [],
                "type": "LINUX_CONTAINER"
              }
            ],
            "id": "arn:aws:codebuild:us-east-2:626890281217:project/eg-staging-app-build",
            "logs_config": [
              {
                "cloudwatch_logs": [
                  {
                    "group_name": "",
                    "status": "ENABLED",
                    "stream_name": ""
                  }
                ],
                "s3_logs": [
                  {
                    "encryption_disabled": false,
                    "location": "",
                    "status": "DISABLED"
                  }
                ]
              }
            ],
            "name": "eg-staging-app-build",
            "queued_timeout": 480,
            "secondary_artifacts": [],
            "secondary_sources": [],
            "service_role": "arn:aws:iam::626890281217:role/eg-staging-app-build",
            "source": [
              {
                "auth": [],
                "buildspec": "",
                "git_clone_depth": null,
                "git_submodules_config": [],
                "insecure_ssl": null,
                "location": "",
                "report_build_status": false,
                "type": "CODEPIPELINE"
              }
            ],
            "source_version": "",
            "tags": {
              "Name": "eg-staging-app-build",
              "Namespace": "eg",
              "Stage": "staging"
            },
            "vpc_config": []
          },
          "private": "bnVsbA==",
          "dependencies": [
            "module.build.module.codebuild.aws_iam_role.default",
            "module.build.module.codebuild.aws_s3_bucket.cache_bucket",
            "module.build.module.codebuild.random_string.bucket_prefix"
          ]
        }
      ]
    },
    {
      "module": "module.build",
      "mode": "managed",
      "type": "aws_codepipeline",
      "name": "default",
      "each": "list",
      "provider": "provider.aws",
      "instances": []
    },
    {
      "module": "module.vpc",
      "mode": "managed",
      "type": "aws_default_security_group",
      "name": "default",
      "provider": "provider.aws",
      "instances": [
        {
          "schema_version": 1,
          "attributes": {
            "arn": "arn:aws:ec2:us-east-2:626890281217:security-group/sg-069b858c97aa5d008",
            "description": "default VPC security group",
            "egress": [],
            "id": "sg-069b858c97aa5d008",
            "ingress": [],
            "name": "default",
            "owner_id": "626890281217",
            "revoke_rules_on_delete": false,
            "tags": {
              "Name": "Default Security Group"
            },
            "timeouts": null,
            "vpc_id": "vpc-0fa06d0dc8235eb93"
          },
          "private": "eyJlMmJmYjczMC1lY2FhLTExZTYtOGY4OC0zNDM2M2JjN2M0YzAiOnsiY3JlYXRlIjo2MDAwMDAwMDAwMDAsImRlbGV0ZSI6NjAwMDAwMDAwMDAwfSwic2NoZW1hX3ZlcnNpb24iOiIxIn0=",
          "dependencies": [
            "module.vpc.aws_vpc.default"
          ]
        }
      ]
    },
    {
      "module": "module.subnets",
      "mode": "managed",
      "type": "aws_eip",
      "name": "default",
      "each": "list",
      "provider": "provider.aws",
      "instances": [
        {
          "index_key": 0,
          "schema_version": 0,
          "attributes": {
            "allocation_id": null,
            "associate_with_private_ip": null,
            "association_id": "eipassoc-04c88e3d5ecb516df",
            "domain": "vpc",
            "id": "eipalloc-0e99b6371c65eff4d",
            "instance": "",
            "network_interface": "eni-01138acac937a1877",
            "private_dns": "ip-172-16-108-201.us-east-2.compute.internal",
            "private_ip": "172.16.108.201",
            "public_dns": "ec2-3-22-141-36.us-east-2.compute.amazonaws.com",
            "public_ip": "3.22.141.36",
            "public_ipv4_pool": "amazon",
            "tags": {
              "Attributes": "private",
              "Name": "endpoint-test-subnet-private-us-east-2a",
              "Namespace": "endpoint",
              "Stage": "test",
              "cpco.io/subnet/type": "private"
            },
            "timeouts": null,
            "vpc": true
          },
          "private": "eyJlMmJmYjczMC1lY2FhLTExZTYtOGY4OC0zNDM2M2JjN2M0YzAiOnsiZGVsZXRlIjoxODAwMDAwMDAwMDAsInJlYWQiOjkwMDAwMDAwMDAwMCwidXBkYXRlIjozMDAwMDAwMDAwMDB9fQ=="
        },
        {
          "index_key": 1,
          "schema_version": 0,
          "attributes": {
            "allocation_id": null,
            "associate_with_private_ip": null,
            "association_id": "eipassoc-04111360c65197733",
            "domain": "vpc",
            "id": "eipalloc-06fe3a33557ed250e",
            "instance": "",
            "network_interface": "eni-010400626c85226bc",
            "private_dns": "ip-172-16-153-249.us-east-2.compute.internal",
            "private_ip": "172.16.153.249",
            "public_dns": "ec2-18-218-234-98.us-east-2.compute.amazonaws.com",
            "public_ip": "18.218.234.98",
            "public_ipv4_pool": "amazon",
            "tags": {
              "Attributes": "private",
              "Name": "endpoint-test-subnet-private-us-east-2b",
              "Namespace": "endpoint",
              "Stage": "test",
              "cpco.io/subnet/type": "private"
            },
            "timeouts": null,
            "vpc": true
          },
          "private": "eyJlMmJmYjczMC1lY2FhLTExZTYtOGY4OC0zNDM2M2JjN2M0YzAiOnsiZGVsZXRlIjoxODAwMDAwMDAwMDAsInJlYWQiOjkwMDAwMDAwMDAwMCwidXBkYXRlIjozMDAwMDAwMDAwMDB9fQ=="
        }
      ]
    },
    {
      "module": "module.elastic_beanstalk_application",
      "mode": "managed",
      "type": "aws_elastic_beanstalk_application",
      "name": "default",
      "provider": "provider.aws",
      "instances": [
        {
          "schema_version": 0,
          "attributes": {
            "appversion_lifecycle": [],
            "arn": "arn:aws:elasticbeanstalk:us-east-2:626890281217:application/endpoint-test-app",
            "description": "Test elastic_beanstalk_application",
            "id": "endpoint-test-app",
            "name": "endpoint-test-app",
            "tags": {
              "Namespace": "endpoint",
              "Stage": "test"
            }
          },
          "private": "bnVsbA=="
        }
      ]
    },
    {
      "module": "module.elastic_beanstalk_environment",
      "mode": "managed",
      "type": "aws_elastic_beanstalk_environment",
      "name": "default",
      "provider": "provider.aws",
      "instances": [
        {
          "schema_version": 1,
          "attributes": {
            "all_settings": [
              {
                "name": "AccessLogsS3Bucket",
                "namespace": "aws:elbv2:loadbalancer",
                "resource": "",
                "value": "enpoint-test-env-eb-loadbalancer-logs"
              },
              {
                "name": "AccessLogsS3Enabled",
                "namespace": "aws:elbv2:loadbalancer",
                "resource": "",
                "value": "true"
              },
              {
                "name": "AccessLogsS3Prefix",
                "namespace": "aws:elbv2:loadbalancer",
                "resource": "",
                "value": ""
              },
              {
                "name": "AppSource",
                "namespace": "aws:cloudformation:template:parameter",
                "resource": "",
                "value": "https://elasticbeanstalk-platform-assets-us-east-2.s3.us-east-2.amazonaws.com/stalks/eb_docker_amazon_linux_2_1.0.551.0_20200430193722/sampleapp/EBSampleApp-Docker.zip"
              },
              {
                "name": "Application Healthcheck URL",
                "namespace": "aws:elasticbeanstalk:application",
                "resource": "",
                "value": ""
              },
              {
                "name": "AssociatePublicIpAddress",
                "namespace": "aws:ec2:vpc",
                "resource": "",
                "value": "false"
              },
              {
                "name": "Automatically Terminate Unhealthy Instances",
                "namespace": "aws:elasticbeanstalk:monitoring",
                "resource": "",
                "value": "true"
              },
              {
                "name": "Availability Zones",
                "namespace": "aws:autoscaling:asg",
                "resource": "",
                "value": "Any 2"
              },
              {
                "name": "BASE_HOST",
                "namespace": "aws:elasticbeanstalk:application:environment",
                "resource": "",
                "value": "env"
              },
              {
                "name": "BatchSize",
                "namespace": "aws:elasticbeanstalk:command",
                "resource": "",
                "value": "1"
              },
              {
                "name": "BatchSizeType",
                "namespace": "aws:elasticbeanstalk:command",
                "resource": "",
                "value": "Fixed"
              },
              {
                "name": "BlockDeviceMappings",
                "namespace": "aws:autoscaling:launchconfiguration",
                "resource": "",
                "value": ""
              },
              {
                "name": "BreachDuration",
                "namespace": "aws:autoscaling:trigger",
                "resource": "",
                "value": "5"
              },
              {
                "name": "ConfigDocument",
                "namespace": "aws:elasticbeanstalk:healthreporting:system",
                "resource": "",
                "value": "{\"Version\":1,\"CloudWatchMetrics\":{\"Instance\":{\"CPUIrq\":null,\"LoadAverage5min\":null,\"ApplicationRequests5xx\":null,\"ApplicationRequests4xx\":null,\"CPUUser\":null,\"LoadAverage1min\":null,\"ApplicationLatencyP50\":null,\"CPUIdle\":null,\"InstanceHealth\":null,\"ApplicationLatencyP95\":null,\"ApplicationLatencyP85\":null,\"RootFilesystemUtil\":null,\"ApplicationLatencyP90\":null,\"CPUSystem\":null,\"ApplicationLatencyP75\":null,\"CPUSoftirq\":null,\"ApplicationLatencyP10\":null,\"ApplicationLatencyP99\":null,\"ApplicationRequestsTotal\":null,\"ApplicationLatencyP99.9\":null,\"ApplicationRequests3xx\":null,\"ApplicationRequests2xx\":null,\"CPUIowait\":null,\"CPUNice\":null},\"Environment\":{\"InstancesSevere\":null,\"InstancesDegraded\":null,\"ApplicationRequests5xx\":null,\"ApplicationRequests4xx\":null,\"ApplicationLatencyP50\":null,\"ApplicationLatencyP95\":null,\"ApplicationLatencyP85\":null,\"InstancesUnknown\":null,\"ApplicationLatencyP90\":null,\"InstancesInfo\":null,\"InstancesPending\":null,\"ApplicationLatencyP75\":null,\"ApplicationLatencyP10\":null,\"ApplicationLatencyP99\":null,\"ApplicationRequestsTotal\":null,\"InstancesNoData\":null,\"ApplicationLatencyP99.9\":null,\"ApplicationRequests3xx\":null,\"ApplicationRequests2xx\":null,\"InstancesOk\":null,\"InstancesWarning\":null}}}"
              },
              {
                "name": "Cooldown",
                "namespace": "aws:autoscaling:asg",
                "resource": "",
                "value": "360"
              },
              {
                "name": "Custom Availability Zones",
                "namespace": "aws:autoscaling:asg",
                "resource": "",
                "value": ""
              },
              {
                "name": "DefaultProcess",
                "namespace": "aws:elbv2:listener:443",
                "resource": "",
                "value": "default"
              },
              {
                "name": "DefaultProcess",
                "namespace": "aws:elbv2:listener:default",
                "resource": "",
                "value": "default"
              },
              {
                "name": "DefaultSSHPort",
                "namespace": "aws:elasticbeanstalk:control",
                "resource": "",
                "value": "22"
              },
              {
                "name": "DeleteOnTerminate",
                "namespace": "aws:elasticbeanstalk:cloudwatch:logs",
                "resource": "",
                "value": "false"
              },
              {
                "name": "DeleteOnTerminate",
                "namespace": "aws:elasticbeanstalk:cloudwatch:logs:health",
                "resource": "",
                "value": "false"
              },
              {
                "name": "DeploymentPolicy",
                "namespace": "aws:elasticbeanstalk:command",
                "resource": "",
                "value": "Rolling"
              },
              {
                "name": "DeregistrationDelay",
                "namespace": "aws:elasticbeanstalk:environment:process:default",
                "resource": "",
                "value": "20"
              },
              {
                "name": "EC2KeyName",
                "namespace": "aws:autoscaling:launchconfiguration",
                "resource": "",
                "value": ""
              },
              {
                "name": "ELBScheme",
                "namespace": "aws:ec2:vpc",
                "resource": "",
                "value": "public"
              },
              {
                "name": "ELBSubnets",
                "namespace": "aws:ec2:vpc",
                "resource": "",
                "value": "subnet-08d9ef7d18f114267,subnet-0f83a598c690c3235"
              },
              {
                "name": "EnableSpot",
                "namespace": "aws:ec2:instances",
                "resource": "",
                "value": "false"
              },
              {
                "name": "EnvironmentType",
                "namespace": "aws:elasticbeanstalk:environment",
                "resource": "",
                "value": "LoadBalanced"
              },
              {
                "name": "EnvironmentVariables",
                "namespace": "aws:cloudformation:template:parameter",
                "resource": "",
                "value": "BASE_HOST=env"
              },
              {
                "name": "EvaluationPeriods",
                "namespace": "aws:autoscaling:trigger",
                "resource": "",
                "value": "1"
              },
              {
                "name": "ExternalExtensionsS3Bucket",
                "namespace": "aws:elasticbeanstalk:environment",
                "resource": "",
                "value": ""
              },
              {
                "name": "ExternalExtensionsS3Key",
                "namespace": "aws:elasticbeanstalk:environment",
                "resource": "",
                "value": ""
              },
              {
                "name": "HealthCheckInterval",
                "namespace": "aws:elasticbeanstalk:environment:process:default",
                "resource": "",
                "value": "15"
              },
              {
                "name": "HealthCheckPath",
                "namespace": "aws:elasticbeanstalk:environment:process:default",
                "resource": "",
                "value": "/healthcheck"
              },
              {
                "name": "HealthCheckSuccessThreshold",
                "namespace": "aws:elasticbeanstalk:healthreporting:system",
                "resource": "",
                "value": "Ok"
              },
              {
                "name": "HealthCheckTimeout",
                "namespace": "aws:elasticbeanstalk:environment:process:default",
                "resource": "",
                "value": "5"
              },
              {
                "name": "HealthStreamingEnabled",
                "namespace": "aws:elasticbeanstalk:cloudwatch:logs:health",
                "resource": "",
                "value": "false"
              },
              {
                "name": "HealthyThresholdCount",
                "namespace": "aws:elasticbeanstalk:environment:process:default",
                "resource": "",
                "value": "3"
              },
              {
                "name": "HooksPkgUrl",
                "namespace": "aws:cloudformation:template:parameter",
                "resource": "",
                "value": "https://elasticbeanstalk-platform-assets-us-east-2.s3.us-east-2.amazonaws.com/stalks/eb_docker_amazon_linux_2_1.0.551.0_20200430193722/lib/hooks.tar.gz"
              },
              {
                "name": "IamInstanceProfile",
                "namespace": "aws:autoscaling:launchconfiguration",
                "resource": "",
                "value": "enpoint-test-env-eb-ec2"
              },
              {
                "name": "IdleTimeout",
                "namespace": "aws:elbv2:loadbalancer",
                "resource": "",
                "value": ""
              },
              {
                "name": "IgnoreHealthCheck",
                "namespace": "aws:elasticbeanstalk:command",
                "resource": "",
                "value": "false"
              },
              {
                "name": "ImageId",
                "namespace": "aws:autoscaling:launchconfiguration",
                "resource": "",
                "value": "ami-0d7697ec424e0992b"
              },
              {
                "name": "InstancePort",
                "namespace": "aws:cloudformation:template:parameter",
                "resource": "",
                "value": "80"
              },
              {
                "name": "InstanceRefreshEnabled",
                "namespace": "aws:elasticbeanstalk:managedactions:platformupdate",
                "resource": "",
                "value": "true"
              },
              {
                "name": "InstanceType",
                "namespace": "aws:autoscaling:launchconfiguration",
                "resource": "",
                "value": "t3.micro"
              },
              {
                "name": "InstanceTypeFamily",
                "namespace": "aws:cloudformation:template:parameter",
                "resource": "",
                "value": "t3"
              },
              {
                "name": "InstanceTypes",
                "namespace": "aws:ec2:instances",
                "resource": "",
                "value": "t3.micro"
              },
              {
                "name": "LaunchTimeout",
                "namespace": "aws:elasticbeanstalk:control",
                "resource": "",
                "value": "0"
              },
              {
                "name": "LaunchType",
                "namespace": "aws:elasticbeanstalk:control",
                "resource": "",
                "value": "Migration"
              },
              {
                "name": "ListenerEnabled",
                "namespace": "aws:elbv2:listener:443",
                "resource": "",
                "value": "false"
              },
              {
                "name": "ListenerEnabled",
                "namespace": "aws:elbv2:listener:default",
                "resource": "",
                "value": "true"
              },
              {
                "name": "LoadBalancerType",
                "namespace": "aws:elasticbeanstalk:environment",
                "resource": "",
                "value": "application"
              },
              {
                "name": "LogPublicationControl",
                "namespace": "aws:elasticbeanstalk:hostmanager",
                "resource": "",
                "value": "false"
              },
              {
                "name": "LowerBreachScaleIncrement",
                "namespace": "aws:autoscaling:trigger",
                "resource": "",
                "value": "-1"
              },
              {
                "name": "LowerThreshold",
                "namespace": "aws:autoscaling:trigger",
                "resource": "",
                "value": "20"
              },
              {
                "name": "ManagedActionsEnabled",
                "namespace": "aws:elasticbeanstalk:managedactions",
                "resource": "",
                "value": "true"
              },
              {
                "name": "ManagedSecurityGroup",
                "namespace": "aws:elbv2:loadbalancer",
                "resource": "",
                "value": ""
              },
              {
                "name": "MatcherHTTPCode",
                "namespace": "aws:elasticbeanstalk:environment:process:default",
                "resource": "",
                "value": ""
              },
              {
                "name": "MaxBatchSize",
                "namespace": "aws:autoscaling:updatepolicy:rollingupdate",
                "resource": "",
                "value": "1"
              },
              {
                "name": "MaxSize",
                "namespace": "aws:autoscaling:asg",
                "resource": "",
                "value": "1"
              },
              {
                "name": "MeasureName",
                "namespace": "aws:autoscaling:trigger",
                "resource": "",
                "value": "CPUUtilization"
              },
              {
                "name": "MinInstancesInService",
                "namespace": "aws:autoscaling:updatepolicy:rollingupdate",
                "resource": "",
                "value": "0"
              },
              {
                "name": "MinSize",
                "namespace": "aws:autoscaling:asg",
                "resource": "",
                "value": "1"
              },
              {
                "name": "MonitoringInterval",
                "namespace": "aws:autoscaling:launchconfiguration",
                "resource": "",
                "value": "5 minute"
              },
              {
                "name": "Notification Endpoint",
                "namespace": "aws:elasticbeanstalk:sns:topics",
                "resource": "",
                "value": ""
              },
              {
                "name": "Notification Protocol",
                "namespace": "aws:elasticbeanstalk:sns:topics",
                "resource": "",
                "value": "email"
              },
              {
                "name": "Notification Topic ARN",
                "namespace": "aws:elasticbeanstalk:sns:topics",
                "resource": "",
                "value": ""
              },
              {
                "name": "Notification Topic Name",
                "namespace": "aws:elasticbeanstalk:sns:topics",
                "resource": "",
                "value": ""
              },
              {
                "name": "PauseTime",
                "namespace": "aws:autoscaling:updatepolicy:rollingupdate",
                "resource": "",
                "value": ""
              },
              {
                "name": "Period",
                "namespace": "aws:autoscaling:trigger",
                "resource": "",
                "value": "5"
              },
              {
                "name": "Port",
                "namespace": "aws:elasticbeanstalk:environment:process:default",
                "resource": "",
                "value": "80"
              },
              {
                "name": "PreferredStartTime",
                "namespace": "aws:elasticbeanstalk:managedactions",
                "resource": "",
                "value": "Sun:10:00"
              },
              {
                "name": "Protocol",
                "namespace": "aws:elasticbeanstalk:environment:process:default",
                "resource": "",
                "value": "HTTP"
              },
              {
                "name": "Protocol",
                "namespace": "aws:elbv2:listener:443",
                "resource": "",
                "value": "HTTPS"
              },
              {
                "name": "Protocol",
                "namespace": "aws:elbv2:listener:default",
                "resource": "",
                "value": "HTTP"
              },
              {
                "name": "ProxyServer",
                "namespace": "aws:elasticbeanstalk:environment:proxy",
                "resource": "",
                "value": "nginx"
              },
              {
                "name": "RetentionInDays",
                "namespace": "aws:elasticbeanstalk:cloudwatch:logs",
                "resource": "",
                "value": "7"
              },
              {
                "name": "RetentionInDays",
                "namespace": "aws:elasticbeanstalk:cloudwatch:logs:health",
                "resource": "",
                "value": "7"
              },
              {
                "name": "RollbackLaunchOnFailure",
                "namespace": "aws:elasticbeanstalk:control",
                "resource": "",
                "value": "false"
              },
              {
                "name": "RollingUpdateEnabled",
                "namespace": "aws:autoscaling:updatepolicy:rollingupdate",
                "resource": "",
                "value": "true"
              },
              {
                "name": "RollingUpdateType",
                "namespace": "aws:autoscaling:updatepolicy:rollingupdate",
                "resource": "",
                "value": "Health"
              },
              {
                "name": "RootVolumeIOPS",
                "namespace": "aws:autoscaling:launchconfiguration",
                "resource": "",
                "value": ""
              },
              {
                "name": "RootVolumeSize",
                "namespace": "aws:autoscaling:launchconfiguration",
                "resource": "",
                "value": "8"
              },
              {
                "name": "RootVolumeType",
                "namespace": "aws:autoscaling:launchconfiguration",
                "resource": "",
                "value": "gp2"
              },
              {
                "name": "Rules",
                "namespace": "aws:elbv2:listener:443",
                "resource": "",
                "value": ""
              },
              {
                "name": "Rules",
                "namespace": "aws:elbv2:listener:default",
                "resource": "",
                "value": ""
              },
              {
                "name": "SSHSourceRestriction",
                "namespace": "aws:autoscaling:launchconfiguration",
                "resource": "",
                "value": "tcp,22,22,0.0.0.0/0"
              },
              {
                "name": "SSLCertificateArns",
                "namespace": "aws:elbv2:listener:443",
                "resource": "",
                "value": ""
              },
              {
                "name": "SSLCertificateArns",
                "namespace": "aws:elbv2:listener:default",
                "resource": "",
                "value": ""
              },
              {
                "name": "SSLPolicy",
                "namespace": "aws:elbv2:listener:443",
                "resource": "",
                "value": ""
              },
              {
                "name": "SSLPolicy",
                "namespace": "aws:elbv2:listener:default",
                "resource": "",
                "value": ""
              },
              {
                "name": "SecurityGroups",
                "namespace": "aws:autoscaling:launchconfiguration",
                "resource": "",
                "value": "sg-0c36005f91819b865"
              },
              {
                "name": "SecurityGroups",
                "namespace": "aws:elbv2:loadbalancer",
                "resource": "",
                "value": ""
              },
              {
                "name": "ServiceRole",
                "namespace": "aws:elasticbeanstalk:environment",
                "resource": "",
                "value": "enpoint-test-env-eb-service"
              },
              {
                "name": "SpotFleetOnDemandAboveBasePercentage",
                "namespace": "aws:ec2:instances",
                "resource": "",
                "value": "70"
              },
              {
                "name": "SpotFleetOnDemandBase",
                "namespace": "aws:ec2:instances",
                "resource": "",
                "value": "0"
              },
              {
                "name": "SpotMaxPrice",
                "namespace": "aws:ec2:instances",
                "resource": "",
                "value": ""
              },
              {
                "name": "Statistic",
                "namespace": "aws:autoscaling:trigger",
                "resource": "",
                "value": "Average"
              },
              {
                "name": "StickinessEnabled",
                "namespace": "aws:elasticbeanstalk:environment:process:default",
                "resource": "",
                "value": "false"
              },
              {
                "name": "StickinessLBCookieDuration",
                "namespace": "aws:elasticbeanstalk:environment:process:default",
                "resource": "",
                "value": "86400"
              },
              {
                "name": "StickinessType",
                "namespace": "aws:elasticbeanstalk:environment:process:default",
                "resource": "",
                "value": "lb_cookie"
              },
              {
                "name": "StreamLogs",
                "namespace": "aws:elasticbeanstalk:cloudwatch:logs",
                "resource": "",
                "value": "false"
              },
              {
                "name": "Subnets",
                "namespace": "aws:ec2:vpc",
                "resource": "",
                "value": "subnet-07cead234cd90a8c7,subnet-0bc3fc0fd64e42cf0"
              },
              {
                "name": "SystemType",
                "namespace": "aws:elasticbeanstalk:healthreporting:system",
                "resource": "",
                "value": "enhanced"
              },
              {
                "name": "Timeout",
                "namespace": "aws:autoscaling:updatepolicy:rollingupdate",
                "resource": "",
                "value": "PT30M"
              },
              {
                "name": "Timeout",
                "namespace": "aws:elasticbeanstalk:command",
                "resource": "",
                "value": "600"
              },
              {
                "name": "UnhealthyThresholdCount",
                "namespace": "aws:elasticbeanstalk:environment:process:default",
                "resource": "",
                "value": "5"
              },
              {
                "name": "Unit",
                "namespace": "aws:autoscaling:trigger",
                "resource": "",
                "value": "Percent"
              },
              {
                "name": "UpdateLevel",
                "namespace": "aws:elasticbeanstalk:managedactions:platformupdate",
                "resource": "",
                "value": "minor"
              },
              {
                "name": "UpperBreachScaleIncrement",
                "namespace": "aws:autoscaling:trigger",
                "resource": "",
                "value": "1"
              },
              {
                "name": "UpperThreshold",
                "namespace": "aws:autoscaling:trigger",
                "resource": "",
                "value": "80"
              },
              {
                "name": "VPCId",
                "namespace": "aws:ec2:vpc",
                "resource": "",
                "value": "vpc-0fa06d0dc8235eb93"
              },
              {
                "name": "XRayEnabled",
                "namespace": "aws:elasticbeanstalk:xray",
                "resource": "",
                "value": "false"
              }
            ],
            "application": "endpoint-test-app",
            "arn": "arn:aws:elasticbeanstalk:us-east-2:626890281217:environment/endpoint-test-app/enpoint-test-env",
            "autoscaling_groups": [
              "awseb-e-exifpvgusw-stack-AWSEBAutoScalingGroup-1U0KNA8GGB0O5"
            ],
            "cname": "enpoint-test-env.eba-tdp96kac.us-east-2.elasticbeanstalk.com",
            "cname_prefix": "",
            "description": "Test elastic_beanstalk_environment",
            "endpoint_url": "awseb-AWSEB-XH1GLDEFB7NJ-1226061548.us-east-2.elb.amazonaws.com",
            "id": "e-exifpvgusw",
            "instances": [
              "i-0a37132782ff47e61"
            ],
            "launch_configurations": [
              "awseb-e-exifpvgusw-stack-AWSEBAutoScalingLaunchConfiguration-1SPXATXIMW0FB"
            ],
            "load_balancers": [
              "arn:aws:elasticloadbalancing:us-east-2:626890281217:loadbalancer/app/awseb-AWSEB-XH1GLDEFB7NJ/122103240dc88e77"
            ],
            "name": "enpoint-test-env",
            "platform_arn": "arn:aws:elasticbeanstalk:us-east-2::platform/Docker running on 64bit Amazon Linux 2/3.0.1",
            "poll_interval": null,
            "queues": [],
            "setting": [
              {
                "name": "AccessLogsS3Bucket",
                "namespace": "aws:elbv2:loadbalancer",
                "resource": null,
                "value": "enpoint-test-env-eb-loadbalancer-logs"
              },
              {
                "name": "AccessLogsS3Enabled",
                "namespace": "aws:elbv2:loadbalancer",
                "resource": null,
                "value": "true"
              },
              {
                "name": "AssociatePublicIpAddress",
                "namespace": "aws:ec2:vpc",
                "resource": null,
                "value": "false"
              },
              {
                "name": "Availability Zones",
                "namespace": "aws:autoscaling:asg",
                "resource": null,
                "value": "Any 2"
              },
              {
                "name": "BASE_HOST",
                "namespace": "aws:elasticbeanstalk:application:environment",
                "resource": null,
                "value": "env"
              },
              {
                "name": "BatchSize",
                "namespace": "aws:elasticbeanstalk:command",
                "resource": null,
                "value": "1"
              },
              {
                "name": "BatchSizeType",
                "namespace": "aws:elasticbeanstalk:command",
                "resource": null,
                "value": "Fixed"
              },
              {
                "name": "ConnectionDrainingEnabled",
                "namespace": "aws:elb:policies",
                "resource": "",
                "value": "true"
              },
              {
                "name": "ConnectionSettingIdleTimeout",
                "namespace": "aws:elb:policies",
                "resource": "",
                "value": "60"
              },
              {
                "name": "CrossZone",
                "namespace": "aws:elb:loadbalancer",
                "resource": "",
                "value": "true"
              },
              {
                "name": "DeleteOnTerminate",
                "namespace": "aws:elasticbeanstalk:cloudwatch:logs",
                "resource": null,
                "value": "false"
              },
              {
                "name": "DeleteOnTerminate",
                "namespace": "aws:elasticbeanstalk:cloudwatch:logs:health",
                "resource": null,
                "value": "false"
              },
              {
                "name": "DeploymentPolicy",
                "namespace": "aws:elasticbeanstalk:command",
                "resource": null,
                "value": "Rolling"
              },
              {
                "name": "EC2KeyName",
                "namespace": "aws:autoscaling:launchconfiguration",
                "resource": null,
                "value": ""
              },
              {
                "name": "ELBScheme",
                "namespace": "aws:ec2:vpc",
                "resource": null,
                "value": "public"
              },
              {
                "name": "ELBSubnets",
                "namespace": "aws:ec2:vpc",
                "resource": null,
                "value": "subnet-0f83a598c690c3235,subnet-08d9ef7d18f114267"
              },
              {
                "name": "EnvironmentType",
                "namespace": "aws:elasticbeanstalk:environment",
                "resource": null,
                "value": "LoadBalanced"
              },
              {
                "name": "HealthCheckPath",
                "namespace": "aws:elasticbeanstalk:environment:process:default",
                "resource": null,
                "value": "/healthcheck"
              },
              {
                "name": "HealthStreamingEnabled",
                "namespace": "aws:elasticbeanstalk:cloudwatch:logs:health",
                "resource": null,
                "value": "false"
              },
              {
                "name": "IamInstanceProfile",
                "namespace": "aws:autoscaling:launchconfiguration",
                "resource": null,
                "value": "enpoint-test-env-eb-ec2"
              },
              {
                "name": "InstancePort",
                "namespace": "aws:elb:listener",
                "resource": "",
                "value": "80"
              },
              {
                "name": "InstancePort",
                "namespace": "aws:elb:listener:22",
                "resource": "",
                "value": "22"
              },
              {
                "name": "InstancePort",
                "namespace": "aws:elb:listener:443",
                "resource": "",
                "value": "80"
              },
              {
                "name": "InstanceRefreshEnabled",
                "namespace": "aws:elasticbeanstalk:managedactions:platformupdate",
                "resource": null,
                "value": "true"
              },
              {
                "name": "InstanceType",
                "namespace": "aws:autoscaling:launchconfiguration",
                "resource": null,
                "value": "t3.micro"
              },
              {
                "name": "ListenerEnabled",
                "namespace": "aws:elb:listener",
                "resource": "",
                "value": "true"
              },
              {
                "name": "ListenerEnabled",
                "namespace": "aws:elb:listener:22",
                "resource": "",
                "value": "false"
              },
              {
                "name": "ListenerEnabled",
                "namespace": "aws:elb:listener:443",
                "resource": "",
                "value": "false"
              },
              {
                "name": "ListenerEnabled",
                "namespace": "aws:elbv2:listener:443",
                "resource": null,
                "value": "false"
              },
              {
                "name": "ListenerEnabled",
                "namespace": "aws:elbv2:listener:default",
                "resource": null,
                "value": "true"
              },
              {
                "name": "ListenerProtocol",
                "namespace": "aws:elb:listener",
                "resource": "",
                "value": "HTTP"
              },
              {
                "name": "ListenerProtocol",
                "namespace": "aws:elb:listener:22",
                "resource": "",
                "value": "TCP"
              },
              {
                "name": "ListenerProtocol",
                "namespace": "aws:elb:listener:443",
                "resource": "",
                "value": "HTTPS"
              },
              {
                "name": "LoadBalancerType",
                "namespace": "aws:elasticbeanstalk:environment",
                "resource": null,
                "value": "application"
              },
              {
                "name": "LogPublicationControl",
                "namespace": "aws:elasticbeanstalk:hostmanager",
                "resource": null,
                "value": "false"
              },
              {
                "name": "LowerBreachScaleIncrement",
                "namespace": "aws:autoscaling:trigger",
                "resource": null,
                "value": "-1"
              },
              {
                "name": "LowerThreshold",
                "namespace": "aws:autoscaling:trigger",
                "resource": null,
                "value": "20"
              },
              {
                "name": "ManagedActionsEnabled",
                "namespace": "aws:elasticbeanstalk:managedactions",
                "resource": null,
                "value": "true"
              },
              {
                "name": "ManagedSecurityGroup",
                "namespace": "aws:elb:loadbalancer",
                "resource": "",
                "value": ""
              },
              {
                "name": "ManagedSecurityGroup",
                "namespace": "aws:elbv2:loadbalancer",
                "resource": null,
                "value": ""
              },
              {
                "name": "MaxBatchSize",
                "namespace": "aws:autoscaling:updatepolicy:rollingupdate",
                "resource": null,
                "value": "1"
              },
              {
                "name": "MaxSize",
                "namespace": "aws:autoscaling:asg",
                "resource": null,
                "value": "1"
              },
              {
                "name": "MeasureName",
                "namespace": "aws:autoscaling:trigger",
                "resource": null,
                "value": "CPUUtilization"
              },
              {
                "name": "MinInstancesInService",
                "namespace": "aws:autoscaling:updatepolicy:rollingupdate",
                "resource": null,
                "value": "0"
              },
              {
                "name": "MinSize",
                "namespace": "aws:autoscaling:asg",
                "resource": null,
                "value": "1"
              },
              {
                "name": "Port",
                "namespace": "aws:elasticbeanstalk:environment:process:default",
                "resource": null,
                "value": "80"
              },
              {
                "name": "PreferredStartTime",
                "namespace": "aws:elasticbeanstalk:managedactions",
                "resource": null,
                "value": "Sun:10:00"
              },
              {
                "name": "Protocol",
                "namespace": "aws:elasticbeanstalk:environment:process:default",
                "resource": null,
                "value": "HTTP"
              },
              {
                "name": "Protocol",
                "namespace": "aws:elbv2:listener:443",
                "resource": null,
                "value": "HTTPS"
              },
              {
                "name": "RetentionInDays",
                "namespace": "aws:elasticbeanstalk:cloudwatch:logs",
                "resource": null,
                "value": "7"
              },
              {
                "name": "RetentionInDays",
                "namespace": "aws:elasticbeanstalk:cloudwatch:logs:health",
                "resource": null,
                "value": "7"
              },
              {
                "name": "RollingUpdateEnabled",
                "namespace": "aws:autoscaling:updatepolicy:rollingupdate",
                "resource": null,
                "value": "true"
              },
              {
                "name": "RollingUpdateType",
                "namespace": "aws:autoscaling:updatepolicy:rollingupdate",
                "resource": null,
                "value": "Health"
              },
              {
                "name": "RootVolumeSize",
                "namespace": "aws:autoscaling:launchconfiguration",
                "resource": null,
                "value": "8"
              },
              {
                "name": "RootVolumeType",
                "namespace": "aws:autoscaling:launchconfiguration",
                "resource": null,
                "value": "gp2"
              },
              {
                "name": "SSLCertificateArns",
                "namespace": "aws:elbv2:listener:443",
                "resource": null,
                "value": ""
              },
              {
                "name": "SSLCertificateId",
                "namespace": "aws:elb:listener:443",
                "resource": "",
                "value": ""
              },
              {
                "name": "SSLPolicy",
                "namespace": "aws:elbv2:listener:443",
                "resource": null,
                "value": ""
              },
              {
                "name": "SecurityGroups",
                "namespace": "aws:autoscaling:launchconfiguration",
                "resource": null,
                "value": "sg-0c36005f91819b865"
              },
              {
                "name": "SecurityGroups",
                "namespace": "aws:elb:loadbalancer",
                "resource": "",
                "value": ""
              },
              {
                "name": "SecurityGroups",
                "namespace": "aws:elbv2:loadbalancer",
                "resource": null,
                "value": ""
              },
              {
                "name": "ServiceRole",
                "namespace": "aws:elasticbeanstalk:environment",
                "resource": null,
                "value": "enpoint-test-env-eb-service"
              },
              {
                "name": "Statistic",
                "namespace": "aws:autoscaling:trigger",
                "resource": null,
                "value": "Average"
              },
              {
                "name": "StreamLogs",
                "namespace": "aws:elasticbeanstalk:cloudwatch:logs",
                "resource": null,
                "value": "false"
              },
              {
                "name": "Subnets",
                "namespace": "aws:ec2:vpc",
                "resource": null,
                "value": "subnet-07cead234cd90a8c7,subnet-0bc3fc0fd64e42cf0"
              },
              {
                "name": "SystemType",
                "namespace": "aws:elasticbeanstalk:healthreporting:system",
                "resource": null,
                "value": "enhanced"
              },
              {
                "name": "Unit",
                "namespace": "aws:autoscaling:trigger",
                "resource": null,
                "value": "Percent"
              },
              {
                "name": "UpdateLevel",
                "namespace": "aws:elasticbeanstalk:managedactions:platformupdate",
                "resource": null,
                "value": "minor"
              },
              {
                "name": "UpperBreachScaleIncrement",
                "namespace": "aws:autoscaling:trigger",
                "resource": null,
                "value": "1"
              },
              {
                "name": "UpperThreshold",
                "namespace": "aws:autoscaling:trigger",
                "resource": null,
                "value": "80"
              },
              {
                "name": "VPCId",
                "namespace": "aws:ec2:vpc",
                "resource": null,
                "value": "vpc-0fa06d0dc8235eb93"
              }
            ],
            "solution_stack_name": "64bit Amazon Linux 2 v3.0.1 running Docker",
            "tags": {
              "Stage": "test"
            },
            "template_name": null,
            "tier": "WebServer",
            "triggers": [],
            "version_label": "",
            "wait_for_ready_timeout": "20m"
          },
          "private": "eyJzY2hlbWFfdmVyc2lvbiI6IjEifQ==",
          "dependencies": [
            "module.elastic_beanstalk_application.aws_elastic_beanstalk_application.default",
            "module.elastic_beanstalk_environment.aws_iam_instance_profile.ec2",
            "module.elastic_beanstalk_environment.aws_iam_role.service",
            "module.elastic_beanstalk_environment.aws_s3_bucket.elb_logs",
            "module.elastic_beanstalk_environment.aws_security_group.default",
            "module.subnets.aws_subnet.private",
            "module.subnets.aws_subnet.public",
            "module.vpc.aws_vpc.default"
          ]
        }
      ]
    },
    {
      "module": "module.elastic_beanstalk_environment",
      "mode": "managed",
      "type": "aws_iam_instance_profile",
      "name": "ec2",
      "provider": "provider.aws",
      "instances": [
        {
          "schema_version": 0,
          "attributes": {
            "arn": "arn:aws:iam::626890281217:instance-profile/enpoint-test-env-eb-ec2",
            "create_date": "2020-05-07T18:21:26Z",
            "id": "enpoint-test-env-eb-ec2",
            "name": "enpoint-test-env-eb-ec2",
            "name_prefix": null,
            "path": "/",
            "role": "enpoint-test-env-eb-ec2",
            "roles": [
              "enpoint-test-env-eb-ec2"
            ],
            "unique_id": "AIPAZD5MSSEA4NDCA6T5T"
          },
          "private": "bnVsbA==",
          "dependencies": [
            "module.elastic_beanstalk_environment.aws_iam_role.ec2"
          ]
        }
      ]
    },
    {
      "module": "module.build",
      "mode": "managed",
      "type": "aws_iam_policy",
      "name": "codebuild",
      "each": "list",
      "provider": "provider.aws",
      "instances": [
        {
          "index_key": 0,
          "schema_version": 0,
          "attributes": {
            "arn": "arn:aws:iam::626890281217:policy/eg-staging-app-codebuild",
            "description": "",
            "id": "arn:aws:iam::626890281217:policy/eg-staging-app-codebuild",
            "name": "eg-staging-app-codebuild",
            "name_prefix": null,
            "path": "/",
            "policy": "{\n  \"Version\": \"2012-10-17\",\n  \"Statement\": [\n    {\n      \"Sid\": \"\",\n      \"Effect\": \"Allow\",\n      \"Action\": \"codebuild:*\",\n      \"Resource\": \"arn:aws:codebuild:us-east-2:626890281217:project/eg-staging-app-build\"\n    }\n  ]\n}"
          },
          "private": "bnVsbA==",
          "dependencies": [
            "module.build.module.codebuild.aws_codebuild_project.default",
            "module.build.module.codebuild.aws_iam_role.default",
            "module.build.module.codebuild.aws_s3_bucket.cache_bucket",
            "module.build.module.codebuild.random_string.bucket_prefix"
          ]
        }
      ]
    },
    {
      "module": "module.build",
      "mode": "managed",
      "type": "aws_iam_policy",
      "name": "default",
      "each": "list",
      "provider": "provider.aws",
      "instances": [
        {
          "index_key": 0,
          "schema_version": 0,
          "attributes": {
            "arn": "arn:aws:iam::626890281217:policy/eg-staging-app",
            "description": "",
            "id": "arn:aws:iam::626890281217:policy/eg-staging-app",
            "name": "eg-staging-app",
            "name_prefix": null,
            "path": "/",
            "policy": "{\n  \"Version\": \"2012-10-17\",\n  \"Statement\": [\n    {\n      \"Sid\": \"\",\n      \"Effect\": \"Allow\",\n      \"Action\": [\n        \"sqs:*\",\n        \"sns:*\",\n        \"s3:*\",\n        \"rds:*\",\n        \"logs:PutRetentionPolicy\",\n        \"iam:PassRole\",\n        \"elasticloadbalancing:*\",\n        \"elasticbeanstalk:*\",\n        \"ecs:*\",\n        \"ec2:*\",\n        \"cloudwatch:*\",\n        \"cloudformation:*\",\n        \"autoscaling:*\"\n      ],\n      \"Resource\": \"*\"\n    }\n  ]\n}"
          },
          "private": "bnVsbA=="
        }
      ]
    },
    {
      "module": "module.build.module.codebuild",
      "mode": "managed",
      "type": "aws_iam_policy",
      "name": "default",
      "each": "list",
      "provider": "provider.aws",
      "instances": [
        {
          "index_key": 0,
          "schema_version": 0,
          "attributes": {
            "arn": "arn:aws:iam::626890281217:policy/service-role/eg-staging-app-build",
            "description": "",
            "id": "arn:aws:iam::626890281217:policy/service-role/eg-staging-app-build",
            "name": "eg-staging-app-build",
            "name_prefix": null,
            "path": "/service-role/",
            "policy": "{\n  \"Version\": \"2012-10-17\",\n  \"Statement\": [\n    {\n      \"Sid\": \"\",\n      \"Effect\": \"Allow\",\n      \"Action\": [\n        \"ssm:GetParameters\",\n        \"logs:PutLogEvents\",\n        \"logs:CreateLogStream\",\n        \"logs:CreateLogGroup\",\n        \"iam:PassRole\",\n        \"ecs:RunTask\",\n        \"ecr:UploadLayerPart\",\n        \"ecr:PutImage\",\n        \"ecr:InitiateLayerUpload\",\n        \"ecr:GetAuthorizationToken\",\n        \"ecr:CompleteLayerUpload\",\n        \"ecr:BatchCheckLayerAvailability\"\n      ],\n      \"Resource\": \"*\"\n    }\n  ]\n}"
          },
          "private": "bnVsbA=="
        }
      ]
    },
    {
      "module": "module.build.module.codebuild",
      "mode": "managed",
      "type": "aws_iam_policy",
      "name": "default_cache_bucket",
      "each": "list",
      "provider": "provider.aws",
      "instances": [
        {
          "index_key": 0,
          "schema_version": 0,
          "attributes": {
            "arn": "arn:aws:iam::626890281217:policy/service-role/eg-staging-app-build-cache-bucket",
            "description": "",
            "id": "arn:aws:iam::626890281217:policy/service-role/eg-staging-app-build-cache-bucket",
            "name": "eg-staging-app-build-cache-bucket",
            "name_prefix": null,
            "path": "/service-role/",
            "policy": "{\n  \"Version\": \"2012-10-17\",\n  \"Statement\": [\n    {\n      \"Sid\": \"\",\n      \"Effect\": \"Allow\",\n      \"Action\": \"s3:*\",\n      \"Resource\": [\n        \"arn:aws:s3:::eg-staging-app-build-ngvtsmemuazi/*\",\n        \"arn:aws:s3:::eg-staging-app-build-ngvtsmemuazi\"\n      ]\n    }\n  ]\n}"
          },
          "private": "bnVsbA==",
          "dependencies": [
            "module.build.module.codebuild.aws_s3_bucket.cache_bucket",
            "module.build.module.codebuild.random_string.bucket_prefix"
          ]
        }
      ]
    },
    {
      "module": "module.build",
      "mode": "managed",
      "type": "aws_iam_policy",
      "name": "s3",
      "each": "list",
      "provider": "provider.aws",
      "instances": []
    },
    {
      "module": "module.build",
      "mode": "managed",
      "type": "aws_iam_role",
      "name": "default",
      "each": "list",
      "provider": "provider.aws",
      "instances": [
        {
          "index_key": 0,
          "schema_version": 0,
          "attributes": {
            "arn": "arn:aws:iam::626890281217:role/eg-staging-app",
            "assume_role_policy": "{\"Version\":\"2012-10-17\",\"Statement\":[{\"Sid\":\"\",\"Effect\":\"Allow\",\"Principal\":{\"Service\":\"codepipeline.amazonaws.com\"},\"Action\":\"sts:AssumeRole\"}]}",
            "create_date": "2020-05-07T19:28:02Z",
            "description": "",
            "force_detach_policies": false,
            "id": "eg-staging-app",
            "max_session_duration": 3600,
            "name": "eg-staging-app",
            "name_prefix": null,
            "path": "/",
            "permissions_boundary": null,
            "tags": null,
            "unique_id": "AROAZD5MSSEA2UQHRANYJ"
          },
          "private": "bnVsbA=="
        }
      ]
    },
    {
      "module": "module.build.module.codebuild",
      "mode": "managed",
      "type": "aws_iam_role",
      "name": "default",
      "each": "list",
      "provider": "provider.aws",
      "instances": [
        {
          "index_key": 0,
          "schema_version": 0,
          "attributes": {
            "arn": "arn:aws:iam::626890281217:role/eg-staging-app-build",
            "assume_role_policy": "{\"Version\":\"2012-10-17\",\"Statement\":[{\"Sid\":\"\",\"Effect\":\"Allow\",\"Principal\":{\"Service\":\"codebuild.amazonaws.com\"},\"Action\":\"sts:AssumeRole\"}]}",
            "create_date": "2020-05-07T19:28:02Z",
            "description": "",
            "force_detach_policies": false,
            "id": "eg-staging-app-build",
            "max_session_duration": 3600,
            "name": "eg-staging-app-build",
            "name_prefix": null,
            "path": "/",
            "permissions_boundary": null,
            "tags": null,
            "unique_id": "AROAZD5MSSEAQN2YDT7JL"
          },
          "private": "bnVsbA=="
        }
      ]
    },
    {
      "module": "module.elastic_beanstalk_environment",
      "mode": "managed",
      "type": "aws_iam_role",
      "name": "ec2",
      "provider": "provider.aws",
      "instances": [
        {
          "schema_version": 0,
          "attributes": {
            "arn": "arn:aws:iam::626890281217:role/enpoint-test-env-eb-ec2",
            "assume_role_policy": "{\"Version\":\"2012-10-17\",\"Statement\":[{\"Sid\":\"\",\"Effect\":\"Allow\",\"Principal\":{\"Service\":\"ec2.amazonaws.com\"},\"Action\":\"sts:AssumeRole\"},{\"Sid\":\"\",\"Effect\":\"Allow\",\"Principal\":{\"Service\":\"ssm.amazonaws.com\"},\"Action\":\"sts:AssumeRole\"}]}",
            "create_date": "2020-05-07T18:21:25Z",
            "description": "",
            "force_detach_policies": false,
            "id": "enpoint-test-env-eb-ec2",
            "max_session_duration": 3600,
            "name": "enpoint-test-env-eb-ec2",
            "name_prefix": null,
            "path": "/",
            "permissions_boundary": null,
            "tags": {},
            "unique_id": "AROAZD5MSSEA63EYTN75U"
          },
          "private": "bnVsbA=="
        }
      ]
    },
    {
      "module": "module.elastic_beanstalk_environment",
      "mode": "managed",
      "type": "aws_iam_role",
      "name": "service",
      "provider": "provider.aws",
      "instances": [
        {
          "schema_version": 0,
          "attributes": {
            "arn": "arn:aws:iam::626890281217:role/enpoint-test-env-eb-service",
            "assume_role_policy": "{\"Version\":\"2012-10-17\",\"Statement\":[{\"Sid\":\"\",\"Effect\":\"Allow\",\"Principal\":{\"Service\":\"elasticbeanstalk.amazonaws.com\"},\"Action\":\"sts:AssumeRole\"}]}",
            "create_date": "2020-05-07T18:21:25Z",
            "description": "",
            "force_detach_policies": false,
            "id": "enpoint-test-env-eb-service",
            "max_session_duration": 3600,
            "name": "enpoint-test-env-eb-service",
            "name_prefix": null,
            "path": "/",
            "permissions_boundary": null,
            "tags": {},
            "unique_id": "AROAZD5MSSEAVLR26AWAY"
          },
          "private": "bnVsbA=="
        }
      ]
    },
    {
      "module": "module.elastic_beanstalk_environment",
      "mode": "managed",
      "type": "aws_iam_role_policy",
      "name": "default",
      "provider": "provider.aws",
      "instances": [
        {
          "schema_version": 0,
          "attributes": {
            "id": "enpoint-test-env-eb-ec2:enpoint-test-env-eb-default",
            "name": "enpoint-test-env-eb-default",
            "name_prefix": null,
            "policy": "{\n  \"Version\": \"2012-10-17\",\n  \"Statement\": [\n    {\n      \"Sid\": \"\",\n      \"Effect\": \"Allow\",\n      \"Action\": [\n        \"sqs:GetQueueUrl\",\n        \"sqs:GetQueueAttributes\",\n        \"elasticloadbalancing:DescribeTargetHealth\",\n        \"elasticloadbalancing:DescribeLoadBalancers\",\n        \"elasticloadbalancing:DescribeInstanceHealth\",\n        \"ec2:GetConsoleOutput\",\n        \"ec2:DescribeSecurityGroups\",\n        \"ec2:DescribeInstances\",\n        \"ec2:DescribeInstanceStatus\",\n        \"ec2:DescribeAddresses\",\n        \"ec2:AssociateAddress\",\n        \"autoscaling:DescribeScalingActivities\",\n        \"autoscaling:DescribeNotificationConfigurations\",\n        \"autoscaling:DescribeAutoScalingInstances\",\n        \"autoscaling:DescribeAutoScalingGroups\"\n      ],\n      \"Resource\": \"*\"\n    },\n    {\n      \"Sid\": \"AllowOperations\",\n      \"Effect\": \"Allow\",\n      \"Action\": [\n        \"sqs:GetQueueUrl\",\n        \"sqs:GetQueueAttributes\",\n        \"sns:Subscribe\",\n        \"sns:ListSubscriptionsByTopic\",\n        \"sns:GetTopicAttributes\",\n        \"sns:CreateTopic\",\n        \"s3:ListBucket\",\n        \"s3:GetObjectAcl\",\n        \"s3:GetObject\",\n        \"rds:DescribeOrderableDBInstanceOptions\",\n        \"rds:DescribeDBInstances\",\n        \"rds:DescribeDBEngineVersions\",\n        \"logs:PutRetentionPolicy\",\n        \"logs:CreateLogGroup\",\n        \"iam:PassRole\",\n        \"iam:ListRoles\",\n        \"elasticloadbalancing:RegisterTargets\",\n        \"elasticloadbalancing:RegisterInstancesWithLoadBalancer\",\n        \"elasticloadbalancing:DescribeTargetHealth\",\n        \"elasticloadbalancing:DescribeTargetGroups\",\n        \"elasticloadbalancing:DescribeLoadBalancers\",\n        \"elasticloadbalancing:DescribeInstanceHealth\",\n        \"elasticloadbalancing:DeregisterTargets\",\n        \"elasticloadbalancing:DeregisterInstancesFromLoadBalancer\",\n        \"elasticloadbalancing:DeleteLoadBalancer\",\n        \"elasticloadbalancing:CreateLoadBalancer\",\n        \"elasticloadbalancing:ConfigureHealthCheck\",\n        \"elasticloadbalancing:ApplySecurityGroupsToLoadBalancer\",\n        \"elasticbeanstalk:*\",\n        \"ecs:RegisterTaskDefinition\",\n        \"ecs:DescribeClusters\",\n        \"ecs:DeleteCluster\",\n        \"ecs:CreateCluster\",\n        \"ec2:TerminateInstances\",\n        \"ec2:RevokeSecurityGroupIngress\",\n        \"ec2:RevokeSecurityGroupEgress\",\n        \"ec2:ReleaseAddress\",\n        \"ec2:DisassociateAddress\",\n        \"ec2:DescribeVpcs\",\n        \"ec2:DescribeSubnets\",\n        \"ec2:DescribeSnapshots\",\n        \"ec2:DescribeSecurityGroups\",\n        \"ec2:DescribeKeyPairs\",\n        \"ec2:DescribeInstances\",\n        \"ec2:DescribeImages\",\n        \"ec2:DescribeAddresses\",\n        \"ec2:DescribeAccountAttributes\",\n        \"ec2:DeleteSecurityGroup\",\n        \"ec2:CreateSecurityGroup\",\n        \"ec2:AuthorizeSecurityGroupIngress\",\n        \"ec2:AuthorizeSecurityGroupEgress\",\n        \"ec2:AssociateAddress\",\n        \"ec2:AllocateAddress\",\n        \"codebuild:StartBuild\",\n        \"codebuild:DeleteProject\",\n        \"codebuild:CreateProject\",\n        \"codebuild:BatchGetBuilds\",\n        \"cloudwatch:PutMetricAlarm\",\n        \"autoscaling:UpdateAutoScalingGroup\",\n        \"autoscaling:TerminateInstanceInAutoScalingGroup\",\n        \"autoscaling:SuspendProcesses\",\n        \"autoscaling:SetDesiredCapacity\",\n        \"autoscaling:ResumeProcesses\",\n        \"autoscaling:PutScheduledUpdateGroupAction\",\n        \"autoscaling:DetachInstances\",\n        \"autoscaling:DescribeScheduledActions\",\n        \"autoscaling:DescribeScalingActivities\",\n        \"autoscaling:DescribeNotificationConfigurations\",\n        \"autoscaling:DescribeLoadBalancers\",\n        \"autoscaling:DescribeLaunchConfigurations\",\n        \"autoscaling:DescribeAutoScalingInstances\",\n        \"autoscaling:DescribeAutoScalingGroups\",\n        \"autoscaling:DescribeAccountLimits\",\n        \"autoscaling:DeleteScheduledAction\",\n        \"autoscaling:DeleteLaunchConfiguration\",\n        \"autoscaling:DeleteAutoScalingGroup\",\n        \"autoscaling:CreateLaunchConfiguration\",\n        \"autoscaling:CreateAutoScalingGroup\",\n        \"autoscaling:AttachInstances\"\n      ],\n      \"Resource\": \"*\"\n    },\n    {\n      \"Sid\": \"AllowS3OperationsOnElasticBeanstalkBuckets\",\n      \"Effect\": \"Allow\",\n      \"Action\": \"s3:*\",\n      \"Resource\": \"arn:aws:s3:::*\"\n    },\n    {\n      \"Sid\": \"AllowDeleteCloudwatchLogGroups\",\n      \"Effect\": \"Allow\",\n      \"Action\": \"logs:DeleteLogGroup\",\n      \"Resource\": \"arn:aws:logs:*:*:log-group:/aws/elasticbeanstalk*\"\n    },\n    {\n      \"Sid\": \"AllowCloudformationOperationsOnElasticBeanstalkStacks\",\n      \"Effect\": \"Allow\",\n      \"Action\": \"cloudformation:*\",\n      \"Resource\": [\n        \"arn:aws:cloudformation:*:*:stack/eb-*\",\n        \"arn:aws:cloudformation:*:*:stack/awseb-*\"\n      ]\n    }\n  ]\n}",
            "role": "enpoint-test-env-eb-ec2"
          },
          "private": "bnVsbA==",
          "dependencies": [
            "module.elastic_beanstalk_environment.aws_iam_role.ec2"
          ]
        }
      ]
    },
    {
      "module": "module.build",
      "mode": "managed",
      "type": "aws_iam_role_policy_attachment",
      "name": "codebuild",
      "each": "list",
      "provider": "provider.aws",
      "instances": [
        {
          "index_key": 0,
          "schema_version": 0,
          "attributes": {
            "id": "eg-staging-app-20200507192816430600000004",
            "policy_arn": "arn:aws:iam::626890281217:policy/eg-staging-app-codebuild",
            "role": "eg-staging-app"
          },
          "private": "bnVsbA==",
          "dependencies": [
            "module.build.aws_iam_policy.codebuild",
            "module.build.aws_iam_role.default",
            "module.build.module.codebuild.aws_codebuild_project.default",
            "module.build.module.codebuild.aws_iam_role.default",
            "module.build.module.codebuild.aws_s3_bucket.cache_bucket",
            "module.build.module.codebuild.random_string.bucket_prefix"
          ]
        }
      ]
    },
    {
      "module": "module.build",
      "mode": "managed",
      "type": "aws_iam_role_policy_attachment",
      "name": "codebuild_s3",
      "each": "list",
      "provider": "provider.aws",
      "instances": []
    },
    {
      "module": "module.build",
      "mode": "managed",
      "type": "aws_iam_role_policy_attachment",
      "name": "default",
      "each": "list",
      "provider": "provider.aws",
      "instances": [
        {
          "index_key": 0,
          "schema_version": 0,
          "attributes": {
            "id": "eg-staging-app-20200507192803366400000002",
            "policy_arn": "arn:aws:iam::626890281217:policy/eg-staging-app",
            "role": "eg-staging-app"
          },
          "private": "bnVsbA==",
          "dependencies": [
            "module.build.aws_iam_policy.default",
            "module.build.aws_iam_role.default"
          ]
        }
      ]
    },
    {
      "module": "module.build.module.codebuild",
      "mode": "managed",
      "type": "aws_iam_role_policy_attachment",
      "name": "default",
      "each": "list",
      "provider": "provider.aws",
      "instances": [
        {
          "index_key": 0,
          "schema_version": 0,
          "attributes": {
            "id": "eg-staging-app-build-20200507192803339200000001",
            "policy_arn": "arn:aws:iam::626890281217:policy/service-role/eg-staging-app-build",
            "role": "eg-staging-app-build"
          },
          "private": "bnVsbA==",
          "dependencies": [
            "module.build.module.codebuild.aws_iam_policy.default",
            "module.build.module.codebuild.aws_iam_role.default"
          ]
        }
      ]
    },
    {
      "module": "module.build.module.codebuild",
      "mode": "managed",
      "type": "aws_iam_role_policy_attachment",
      "name": "default_cache_bucket",
      "each": "list",
      "provider": "provider.aws",
      "instances": [
        {
          "index_key": 0,
          "schema_version": 0,
          "attributes": {
            "id": "eg-staging-app-build-20200507192810591300000003",
            "policy_arn": "arn:aws:iam::626890281217:policy/service-role/eg-staging-app-build-cache-bucket",
            "role": "eg-staging-app-build"
          },
          "private": "bnVsbA==",
          "dependencies": [
            "module.build.module.codebuild.aws_iam_policy.default_cache_bucket",
            "module.build.module.codebuild.aws_iam_role.default",
            "module.build.module.codebuild.aws_s3_bucket.cache_bucket",
            "module.build.module.codebuild.random_string.bucket_prefix"
          ]
        }
      ]
    },
    {
      "module": "module.elastic_beanstalk_environment",
      "mode": "managed",
      "type": "aws_iam_role_policy_attachment",
      "name": "ecr_readonly",
      "provider": "provider.aws",
      "instances": [
        {
          "schema_version": 0,
          "attributes": {
            "id": "enpoint-test-env-eb-ec2-20200507182126263500000001",
            "policy_arn": "arn:aws:iam::aws:policy/AmazonEC2ContainerRegistryReadOnly",
            "role": "enpoint-test-env-eb-ec2"
          },
          "private": "bnVsbA==",
          "dependencies": [
            "module.elastic_beanstalk_environment.aws_iam_role.ec2"
          ]
        }
      ]
    },
    {
      "module": "module.elastic_beanstalk_environment",
      "mode": "managed",
      "type": "aws_iam_role_policy_attachment",
      "name": "elastic_beanstalk_multi_container_docker",
      "provider": "provider.aws",
      "instances": [
        {
          "schema_version": 0,
          "attributes": {
            "id": "enpoint-test-env-eb-ec2-20200507182126282500000006",
            "policy_arn": "arn:aws:iam::aws:policy/AWSElasticBeanstalkMulticontainerDocker",
            "role": "enpoint-test-env-eb-ec2"
          },
          "private": "bnVsbA==",
          "dependencies": [
            "module.elastic_beanstalk_environment.aws_iam_role.ec2"
          ]
        }
      ]
    },
    {
      "module": "module.elastic_beanstalk_environment",
      "mode": "managed",
      "type": "aws_iam_role_policy_attachment",
      "name": "enhanced_health",
      "each": "list",
      "provider": "provider.aws",
      "instances": [
        {
          "index_key": 0,
          "schema_version": 0,
          "attributes": {
            "id": "enpoint-test-env-eb-service-20200507182127480600000008",
            "policy_arn": "arn:aws:iam::aws:policy/service-role/AWSElasticBeanstalkEnhancedHealth",
            "role": "enpoint-test-env-eb-service"
          },
          "private": "bnVsbA==",
          "dependencies": [
            "module.elastic_beanstalk_environment.aws_iam_role.service"
          ]
        }
      ]
    },
    {
      "module": "module.build",
      "mode": "managed",
      "type": "aws_iam_role_policy_attachment",
      "name": "s3",
      "each": "list",
      "provider": "provider.aws",
      "instances": []
    },
    {
      "module": "module.elastic_beanstalk_environment",
      "mode": "managed",
      "type": "aws_iam_role_policy_attachment",
      "name": "service",
      "provider": "provider.aws",
      "instances": [
        {
          "schema_version": 0,
          "attributes": {
            "id": "enpoint-test-env-eb-service-20200507182126268300000002",
            "policy_arn": "arn:aws:iam::aws:policy/service-role/AWSElasticBeanstalkService",
            "role": "enpoint-test-env-eb-service"
          },
          "private": "bnVsbA==",
          "dependencies": [
            "module.elastic_beanstalk_environment.aws_iam_role.service"
          ]
        }
      ]
    },
    {
      "module": "module.elastic_beanstalk_environment",
      "mode": "managed",
      "type": "aws_iam_role_policy_attachment",
      "name": "ssm_automation",
      "provider": "provider.aws",
      "instances": [
        {
          "schema_version": 0,
          "attributes": {
            "id": "enpoint-test-env-eb-ec2-20200507182126280300000004",
            "policy_arn": "arn:aws:iam::aws:policy/service-role/AmazonSSMAutomationRole",
            "role": "enpoint-test-env-eb-ec2"
          },
          "private": "bnVsbA==",
          "dependencies": [
            "module.elastic_beanstalk_environment.aws_iam_role.ec2"
          ]
        }
      ]
    },
    {
      "module": "module.elastic_beanstalk_environment",
      "mode": "managed",
      "type": "aws_iam_role_policy_attachment",
      "name": "ssm_ec2",
      "provider": "provider.aws",
      "instances": [
        {
          "schema_version": 0,
          "attributes": {
            "id": "enpoint-test-env-eb-ec2-20200507182126282700000007",
            "policy_arn": "arn:aws:iam::aws:policy/service-role/AmazonEC2RoleforSSM",
            "role": "enpoint-test-env-eb-ec2"
          },
          "private": "bnVsbA==",
          "dependencies": [
            "module.elastic_beanstalk_environment.aws_iam_role.ec2"
          ]
        }
      ]
    },
    {
      "module": "module.elastic_beanstalk_environment",
      "mode": "managed",
      "type": "aws_iam_role_policy_attachment",
      "name": "web_tier",
      "provider": "provider.aws",
      "instances": [
        {
          "schema_version": 0,
          "attributes": {
            "id": "enpoint-test-env-eb-ec2-20200507182126282500000005",
            "policy_arn": "arn:aws:iam::aws:policy/AWSElasticBeanstalkWebTier",
            "role": "enpoint-test-env-eb-ec2"
          },
          "private": "bnVsbA==",
          "dependencies": [
            "module.elastic_beanstalk_environment.aws_iam_role.ec2"
          ]
        }
      ]
    },
    {
      "module": "module.elastic_beanstalk_environment",
      "mode": "managed",
      "type": "aws_iam_role_policy_attachment",
      "name": "worker_tier",
      "provider": "provider.aws",
      "instances": [
        {
          "schema_version": 0,
          "attributes": {
            "id": "enpoint-test-env-eb-ec2-20200507182126273600000003",
            "policy_arn": "arn:aws:iam::aws:policy/AWSElasticBeanstalkWorkerTier",
            "role": "enpoint-test-env-eb-ec2"
          },
          "private": "bnVsbA==",
          "dependencies": [
            "module.elastic_beanstalk_environment.aws_iam_role.ec2"
          ]
        }
      ]
    },
    {
      "module": "module.subnets",
      "mode": "managed",
      "type": "aws_instance",
      "name": "nat_instance",
      "each": "list",
      "provider": "provider.aws",
      "instances": []
    },
    {
      "module": "module.vpc",
      "mode": "managed",
      "type": "aws_internet_gateway",
      "name": "default",
      "provider": "provider.aws",
      "instances": [
        {
          "schema_version": 0,
          "attributes": {
            "id": "igw-008ed9600790d7f03",
            "owner_id": "626890281217",
            "tags": {
              "Name": "endpoint-test-vpc",
              "Namespace": "endpoint",
              "Stage": "test"
            },
            "vpc_id": "vpc-0fa06d0dc8235eb93"
          },
          "private": "bnVsbA==",
          "dependencies": [
            "module.vpc.aws_vpc.default"
          ]
        }
      ]
    },
    {
      "module": "module.subnets",
      "mode": "managed",
      "type": "aws_nat_gateway",
      "name": "default",
      "each": "list",
      "provider": "provider.aws",
      "instances": [
        {
          "index_key": 0,
          "schema_version": 0,
          "attributes": {
            "allocation_id": "eipalloc-0e99b6371c65eff4d",
            "id": "nat-06d02a9bc04059082",
            "network_interface_id": "eni-01138acac937a1877",
            "private_ip": "172.16.108.201",
            "public_ip": "3.22.141.36",
            "subnet_id": "subnet-0f83a598c690c3235",
            "tags": {
              "Attributes": "nat",
              "Name": "endpoint-test-subnet-nat-us-east-2a",
              "Namespace": "endpoint",
              "Stage": "test"
            }
          },
          "private": "bnVsbA==",
          "dependencies": [
            "module.subnets.aws_eip.default",
            "module.subnets.aws_subnet.public",
            "module.vpc.aws_vpc.default"
          ]
        },
        {
          "index_key": 1,
          "schema_version": 0,
          "attributes": {
            "allocation_id": "eipalloc-06fe3a33557ed250e",
            "id": "nat-06e9ee02f328e1bf3",
            "network_interface_id": "eni-010400626c85226bc",
            "private_ip": "172.16.153.249",
            "public_ip": "18.218.234.98",
            "subnet_id": "subnet-08d9ef7d18f114267",
            "tags": {
              "Attributes": "nat",
              "Name": "endpoint-test-subnet-nat-us-east-2b",
              "Namespace": "endpoint",
              "Stage": "test"
            }
          },
          "private": "bnVsbA==",
          "dependencies": [
            "module.subnets.aws_eip.default",
            "module.subnets.aws_subnet.public",
            "module.vpc.aws_vpc.default"
          ]
        }
      ]
    },
    {
      "module": "module.subnets",
      "mode": "managed",
      "type": "aws_network_acl",
      "name": "private",
      "each": "list",
      "provider": "provider.aws",
      "instances": [
        {
          "index_key": 0,
          "schema_version": 0,
          "attributes": {
            "egress": [
              {
                "action": "allow",
                "cidr_block": "0.0.0.0/0",
                "from_port": 0,
                "icmp_code": 0,
                "icmp_type": 0,
                "ipv6_cidr_block": "",
                "protocol": "-1",
                "rule_no": 100,
                "to_port": 0
              }
            ],
            "id": "acl-002298c1062c90eeb",
            "ingress": [
              {
                "action": "allow",
                "cidr_block": "0.0.0.0/0",
                "from_port": 0,
                "icmp_code": 0,
                "icmp_type": 0,
                "ipv6_cidr_block": "",
                "protocol": "-1",
                "rule_no": 100,
                "to_port": 0
              }
            ],
            "owner_id": "626890281217",
            "subnet_id": null,
            "subnet_ids": [
              "subnet-07cead234cd90a8c7",
              "subnet-0bc3fc0fd64e42cf0"
            ],
            "tags": {
              "Attributes": "private",
              "Name": "endpoint-test-subnet",
              "Namespace": "endpoint",
              "Stage": "test",
              "cpco.io/subnet/type": "private"
            },
            "vpc_id": "vpc-0fa06d0dc8235eb93"
          },
          "private": "bnVsbA==",
          "dependencies": [
            "module.subnets.aws_subnet.private",
            "module.vpc.aws_vpc.default"
          ]
        }
      ]
    },
    {
      "module": "module.subnets",
      "mode": "managed",
      "type": "aws_network_acl",
      "name": "public",
      "each": "list",
      "provider": "provider.aws",
      "instances": [
        {
          "index_key": 0,
          "schema_version": 0,
          "attributes": {
            "egress": [
              {
                "action": "allow",
                "cidr_block": "0.0.0.0/0",
                "from_port": 0,
                "icmp_code": 0,
                "icmp_type": 0,
                "ipv6_cidr_block": "",
                "protocol": "-1",
                "rule_no": 100,
                "to_port": 0
              }
            ],
            "id": "acl-02cf7bc21b022a15a",
            "ingress": [
              {
                "action": "allow",
                "cidr_block": "0.0.0.0/0",
                "from_port": 0,
                "icmp_code": 0,
                "icmp_type": 0,
                "ipv6_cidr_block": "",
                "protocol": "-1",
                "rule_no": 100,
                "to_port": 0
              }
            ],
            "owner_id": "626890281217",
            "subnet_id": null,
            "subnet_ids": [
              "subnet-08d9ef7d18f114267",
              "subnet-0f83a598c690c3235"
            ],
            "tags": {
              "Attributes": "public",
              "Name": "endpoint-test-subnet",
              "Namespace": "endpoint",
              "Stage": "test",
              "cpco.io/subnet/type": "public"
            },
            "vpc_id": "vpc-0fa06d0dc8235eb93"
          },
          "private": "bnVsbA==",
          "dependencies": [
            "module.subnets.aws_subnet.public",
            "module.vpc.aws_vpc.default"
          ]
        }
      ]
    },
    {
      "module": "module.subnets",
      "mode": "managed",
      "type": "aws_route",
      "name": "default",
      "each": "list",
      "provider": "provider.aws",
      "instances": [
        {
          "index_key": 0,
          "schema_version": 0,
          "attributes": {
            "destination_cidr_block": "0.0.0.0/0",
            "destination_ipv6_cidr_block": null,
            "destination_prefix_list_id": "",
            "egress_only_gateway_id": "",
            "gateway_id": "",
            "id": "r-rtb-0911f3da42657e4d01080289494",
            "instance_id": "",
            "instance_owner_id": "",
            "nat_gateway_id": "nat-06d02a9bc04059082",
            "network_interface_id": "",
            "origin": "CreateRoute",
            "route_table_id": "rtb-0911f3da42657e4d0",
            "state": "active",
            "timeouts": null,
            "transit_gateway_id": "",
            "vpc_peering_connection_id": ""
          },
          "private": "eyJlMmJmYjczMC1lY2FhLTExZTYtOGY4OC0zNDM2M2JjN2M0YzAiOnsiY3JlYXRlIjoxMjAwMDAwMDAwMDAsImRlbGV0ZSI6MzAwMDAwMDAwMDAwfX0=",
          "dependencies": [
            "module.subnets.aws_eip.default",
            "module.subnets.aws_nat_gateway.default",
            "module.subnets.aws_route_table.private",
            "module.subnets.aws_subnet.public",
            "module.vpc.aws_vpc.default"
          ]
        },
        {
          "index_key": 1,
          "schema_version": 0,
          "attributes": {
            "destination_cidr_block": "0.0.0.0/0",
            "destination_ipv6_cidr_block": null,
            "destination_prefix_list_id": "",
            "egress_only_gateway_id": "",
            "gateway_id": "",
            "id": "r-rtb-0c4ac757926a992d71080289494",
            "instance_id": "",
            "instance_owner_id": "",
            "nat_gateway_id": "nat-06e9ee02f328e1bf3",
            "network_interface_id": "",
            "origin": "CreateRoute",
            "route_table_id": "rtb-0c4ac757926a992d7",
            "state": "active",
            "timeouts": null,
            "transit_gateway_id": "",
            "vpc_peering_connection_id": ""
          },
          "private": "eyJlMmJmYjczMC1lY2FhLTExZTYtOGY4OC0zNDM2M2JjN2M0YzAiOnsiY3JlYXRlIjoxMjAwMDAwMDAwMDAsImRlbGV0ZSI6MzAwMDAwMDAwMDAwfX0=",
          "dependencies": [
            "module.subnets.aws_eip.default",
            "module.subnets.aws_nat_gateway.default",
            "module.subnets.aws_route_table.private",
            "module.subnets.aws_subnet.public",
            "module.vpc.aws_vpc.default"
          ]
        }
      ]
    },
    {
      "module": "module.subnets",
      "mode": "managed",
      "type": "aws_route",
      "name": "nat_instance",
      "each": "list",
      "provider": "provider.aws",
      "instances": []
    },
    {
      "module": "module.subnets",
      "mode": "managed",
      "type": "aws_route",
      "name": "public",
      "each": "list",
      "provider": "provider.aws",
      "instances": [
        {
          "index_key": 0,
          "schema_version": 0,
          "attributes": {
            "destination_cidr_block": "0.0.0.0/0",
            "destination_ipv6_cidr_block": null,
            "destination_prefix_list_id": "",
            "egress_only_gateway_id": "",
            "gateway_id": "igw-008ed9600790d7f03",
            "id": "r-rtb-0238141fa496e87931080289494",
            "instance_id": "",
            "instance_owner_id": "",
            "nat_gateway_id": "",
            "network_interface_id": "",
            "origin": "CreateRoute",
            "route_table_id": "rtb-0238141fa496e8793",
            "state": "active",
            "timeouts": null,
            "transit_gateway_id": "",
            "vpc_peering_connection_id": ""
          },
          "private": "eyJlMmJmYjczMC1lY2FhLTExZTYtOGY4OC0zNDM2M2JjN2M0YzAiOnsiY3JlYXRlIjoxMjAwMDAwMDAwMDAsImRlbGV0ZSI6MzAwMDAwMDAwMDAwfX0=",
          "dependencies": [
            "module.subnets.aws_route_table.public",
            "module.vpc.aws_internet_gateway.default",
            "module.vpc.aws_vpc.default"
          ]
        }
      ]
    },
    {
      "module": "module.elastic_beanstalk_environment.module.dns_hostname",
      "mode": "managed",
      "type": "aws_route53_record",
      "name": "default",
      "each": "list",
      "provider": "provider.aws",
      "instances": [
        {
          "index_key": 0,
          "schema_version": 2,
          "attributes": {
            "alias": [],
            "allow_overwrite": null,
            "failover_routing_policy": [],
            "fqdn": "env.bazhip.net",
            "geolocation_routing_policy": [],
            "health_check_id": "",
            "id": "Z07836231QIE0NVX5NE3J_env_CNAME",
            "latency_routing_policy": [],
            "multivalue_answer_routing_policy": null,
            "name": "env",
            "records": [
              "enpoint-test-env.eba-tdp96kac.us-east-2.elasticbeanstalk.com"
            ],
            "set_identifier": "",
            "ttl": 300,
            "type": "CNAME",
            "weighted_routing_policy": [],
            "zone_id": "Z07836231QIE0NVX5NE3J"
          },
          "private": "eyJzY2hlbWFfdmVyc2lvbiI6IjIifQ==",
          "dependencies": [
            "module.elastic_beanstalk_application.aws_elastic_beanstalk_application.default",
            "module.elastic_beanstalk_environment.aws_elastic_beanstalk_environment.default",
            "module.elastic_beanstalk_environment.aws_iam_instance_profile.ec2",
            "module.elastic_beanstalk_environment.aws_iam_role.service",
            "module.elastic_beanstalk_environment.aws_s3_bucket.elb_logs",
            "module.elastic_beanstalk_environment.aws_security_group.default",
            "module.subnets.aws_subnet.private",
            "module.subnets.aws_subnet.public",
            "module.vpc.aws_vpc.default"
          ]
        }
      ]
    },
    {
      "module": "module.subnets",
      "mode": "managed",
      "type": "aws_route_table",
      "name": "private",
      "each": "list",
      "provider": "provider.aws",
      "instances": [
        {
          "index_key": 0,
          "schema_version": 0,
          "attributes": {
            "id": "rtb-0911f3da42657e4d0",
            "owner_id": "626890281217",
            "propagating_vgws": [],
            "route": [
              {
                "cidr_block": "0.0.0.0/0",
                "egress_only_gateway_id": "",
                "gateway_id": "",
                "instance_id": "",
                "ipv6_cidr_block": "",
                "nat_gateway_id": "nat-06d02a9bc04059082",
                "network_interface_id": "",
                "transit_gateway_id": "",
                "vpc_peering_connection_id": ""
              }
            ],
            "tags": {
              "Attributes": "private",
              "Name": "endpoint-test-subnet-private-us-east-2a",
              "Namespace": "endpoint",
              "Stage": "test",
              "cpco.io/subnet/type": "private"
            },
            "vpc_id": "vpc-0fa06d0dc8235eb93"
          },
          "private": "bnVsbA==",
          "dependencies": [
            "module.vpc.aws_vpc.default"
          ]
        },
        {
          "index_key": 1,
          "schema_version": 0,
          "attributes": {
            "id": "rtb-0c4ac757926a992d7",
            "owner_id": "626890281217",
            "propagating_vgws": [],
            "route": [
              {
                "cidr_block": "0.0.0.0/0",
                "egress_only_gateway_id": "",
                "gateway_id": "",
                "instance_id": "",
                "ipv6_cidr_block": "",
                "nat_gateway_id": "nat-06e9ee02f328e1bf3",
                "network_interface_id": "",
                "transit_gateway_id": "",
                "vpc_peering_connection_id": ""
              }
            ],
            "tags": {
              "Attributes": "private",
              "Name": "endpoint-test-subnet-private-us-east-2b",
              "Namespace": "endpoint",
              "Stage": "test",
              "cpco.io/subnet/type": "private"
            },
            "vpc_id": "vpc-0fa06d0dc8235eb93"
          },
          "private": "bnVsbA==",
          "dependencies": [
            "module.vpc.aws_vpc.default"
          ]
        }
      ]
    },
    {
      "module": "module.subnets",
      "mode": "managed",
      "type": "aws_route_table",
      "name": "public",
      "each": "list",
      "provider": "provider.aws",
      "instances": [
        {
          "index_key": 0,
          "schema_version": 0,
          "attributes": {
            "id": "rtb-0238141fa496e8793",
            "owner_id": "626890281217",
            "propagating_vgws": [],
            "route": [
              {
                "cidr_block": "0.0.0.0/0",
                "egress_only_gateway_id": "",
                "gateway_id": "igw-008ed9600790d7f03",
                "instance_id": "",
                "ipv6_cidr_block": "",
                "nat_gateway_id": "",
                "network_interface_id": "",
                "transit_gateway_id": "",
                "vpc_peering_connection_id": ""
              }
            ],
            "tags": {
              "Attributes": "public",
              "Name": "endpoint-test-subnet",
              "Namespace": "endpoint",
              "Stage": "test",
              "cpco.io/subnet/type": "public"
            },
            "vpc_id": "vpc-0fa06d0dc8235eb93"
          },
          "private": "bnVsbA==",
          "dependencies": [
            "module.vpc.aws_vpc.default"
          ]
        }
      ]
    },
    {
      "module": "module.subnets",
      "mode": "managed",
      "type": "aws_route_table_association",
      "name": "private",
      "each": "list",
      "provider": "provider.aws",
      "instances": [
        {
          "index_key": 0,
          "schema_version": 0,
          "attributes": {
            "gateway_id": null,
            "id": "rtbassoc-0e9bf1c1e8672d925",
            "route_table_id": "rtb-0911f3da42657e4d0",
            "subnet_id": "subnet-07cead234cd90a8c7"
          },
          "private": "bnVsbA==",
          "dependencies": [
            "module.subnets.aws_route_table.private",
            "module.subnets.aws_subnet.private",
            "module.vpc.aws_vpc.default"
          ]
        },
        {
          "index_key": 1,
          "schema_version": 0,
          "attributes": {
            "gateway_id": null,
            "id": "rtbassoc-0bd03ce01594b357c",
            "route_table_id": "rtb-0c4ac757926a992d7",
            "subnet_id": "subnet-0bc3fc0fd64e42cf0"
          },
          "private": "bnVsbA==",
          "dependencies": [
            "module.subnets.aws_route_table.private",
            "module.subnets.aws_subnet.private",
            "module.vpc.aws_vpc.default"
          ]
        }
      ]
    },
    {
      "module": "module.subnets",
      "mode": "managed",
      "type": "aws_route_table_association",
      "name": "public",
      "each": "list",
      "provider": "provider.aws",
      "instances": [
        {
          "index_key": 0,
          "schema_version": 0,
          "attributes": {
            "gateway_id": null,
            "id": "rtbassoc-09bc4c2ced42f132c",
            "route_table_id": "rtb-0238141fa496e8793",
            "subnet_id": "subnet-0f83a598c690c3235"
          },
          "private": "bnVsbA==",
          "dependencies": [
            "module.subnets.aws_route_table.public",
            "module.subnets.aws_subnet.public",
            "module.vpc.aws_vpc.default"
          ]
        },
        {
          "index_key": 1,
          "schema_version": 0,
          "attributes": {
            "gateway_id": null,
            "id": "rtbassoc-0c31a3a28e1a75a9b",
            "route_table_id": "rtb-0238141fa496e8793",
            "subnet_id": "subnet-08d9ef7d18f114267"
          },
          "private": "bnVsbA==",
          "dependencies": [
            "module.subnets.aws_route_table.public",
            "module.subnets.aws_subnet.public",
            "module.vpc.aws_vpc.default"
          ]
        }
      ]
    },
    {
      "module": "module.subnets",
      "mode": "managed",
      "type": "aws_route_table_association",
      "name": "public_default",
      "each": "list",
      "provider": "provider.aws",
      "instances": []
    },
    {
      "module": "module.build.module.codebuild",
      "mode": "managed",
      "type": "aws_s3_bucket",
      "name": "cache_bucket",
      "each": "list",
      "provider": "provider.aws",
      "instances": [
        {
          "index_key": 0,
          "schema_version": 0,
          "attributes": {
            "acceleration_status": "",
            "acl": "private",
            "arn": "arn:aws:s3:::eg-staging-app-build-ngvtsmemuazi",
            "bucket": "eg-staging-app-build-ngvtsmemuazi",
            "bucket_domain_name": "eg-staging-app-build-ngvtsmemuazi.s3.amazonaws.com",
            "bucket_prefix": null,
            "bucket_regional_domain_name": "eg-staging-app-build-ngvtsmemuazi.s3.us-east-2.amazonaws.com",
            "cors_rule": [],
            "force_destroy": true,
            "grant": [],
            "hosted_zone_id": "Z2O1EMRO9K5GLX",
            "id": "eg-staging-app-build-ngvtsmemuazi",
            "lifecycle_rule": [
              {
                "abort_incomplete_multipart_upload_days": 0,
                "enabled": true,
                "expiration": [
                  {
                    "date": "",
                    "days": 7,
                    "expired_object_delete_marker": null
                  }
                ],
                "id": "codebuildcache",
                "noncurrent_version_expiration": [],
                "noncurrent_version_transition": [],
                "prefix": "/",
                "tags": {
                  "Name": "eg-staging-app-build",
                  "Namespace": "eg",
                  "Stage": "staging"
                },
                "transition": []
              }
            ],
            "logging": [],
            "object_lock_configuration": [],
            "policy": null,
            "region": "us-east-2",
            "replication_configuration": [],
            "request_payer": "BucketOwner",
            "server_side_encryption_configuration": [],
            "tags": {
              "Name": "eg-staging-app-build",
              "Namespace": "eg",
              "Stage": "staging"
            },
            "versioning": [
              {
                "enabled": false,
                "mfa_delete": false
              }
            ],
            "website": [],
            "website_domain": null,
            "website_endpoint": null
          },
          "private": "bnVsbA==",
          "dependencies": [
            "module.build.module.codebuild.random_string.bucket_prefix"
          ]
        }
      ]
    },
    {
      "module": "module.build",
      "mode": "managed",
      "type": "aws_s3_bucket",
      "name": "default",
      "each": "list",
      "provider": "provider.aws",
      "instances": []
    },
    {
      "module": "module.elastic_beanstalk_environment",
      "mode": "managed",
      "type": "aws_s3_bucket",
      "name": "elb_logs",
      "each": "list",
      "provider": "provider.aws",
      "instances": [
        {
          "index_key": 0,
          "schema_version": 0,
          "attributes": {
            "acceleration_status": "",
            "acl": "private",
            "arn": "arn:aws:s3:::enpoint-test-env-eb-loadbalancer-logs",
            "bucket": "enpoint-test-env-eb-loadbalancer-logs",
            "bucket_domain_name": "enpoint-test-env-eb-loadbalancer-logs.s3.amazonaws.com",
            "bucket_prefix": null,
            "bucket_regional_domain_name": "enpoint-test-env-eb-loadbalancer-logs.s3.us-east-2.amazonaws.com",
            "cors_rule": [],
            "force_destroy": false,
            "grant": [],
            "hosted_zone_id": "Z2O1EMRO9K5GLX",
            "id": "enpoint-test-env-eb-loadbalancer-logs",
            "lifecycle_rule": [],
            "logging": [],
            "object_lock_configuration": [],
            "policy": "{\"Statement\":[{\"Action\":\"s3:PutObject\",\"Effect\":\"Allow\",\"Principal\":{\"AWS\":\"arn:aws:iam::033677994240:root\"},\"Resource\":\"arn:aws:s3:::enpoint-test-env-eb-loadbalancer-logs/*\",\"Sid\":\"\"}],\"Version\":\"2012-10-17\"}",
            "region": "us-east-2",
            "replication_configuration": [],
            "request_payer": "BucketOwner",
            "server_side_encryption_configuration": [],
            "tags": {},
            "versioning": [
              {
                "enabled": false,
                "mfa_delete": false
              }
            ],
            "website": [],
            "website_domain": null,
            "website_endpoint": null
          },
          "private": "bnVsbA=="
        }
      ]
    },
    {
      "module": "module.elastic_beanstalk_environment",
      "mode": "managed",
      "type": "aws_security_group",
      "name": "default",
      "provider": "provider.aws",
      "instances": [
        {
          "schema_version": 1,
          "attributes": {
            "arn": "arn:aws:ec2:us-east-2:626890281217:security-group/sg-0c36005f91819b865",
            "description": "Allow inbound traffic from provided Security Groups",
            "egress": [
              {
                "cidr_blocks": [
                  "0.0.0.0/0"
                ],
                "description": "",
                "from_port": 0,
                "ipv6_cidr_blocks": [],
                "prefix_list_ids": [],
                "protocol": "-1",
                "security_groups": [],
                "self": false,
                "to_port": 0
              }
            ],
            "id": "sg-0c36005f91819b865",
            "ingress": [
              {
                "cidr_blocks": [],
                "description": "",
                "from_port": 0,
                "ipv6_cidr_blocks": [],
                "prefix_list_ids": [],
                "protocol": "-1",
                "security_groups": [
                  "sg-069b858c97aa5d008"
                ],
                "self": false,
                "to_port": 0
              }
            ],
            "name": "enpoint-test-env",
            "name_prefix": null,
            "owner_id": "626890281217",
            "revoke_rules_on_delete": false,
            "tags": {
              "Name": "enpoint-test-env",
              "Namespace": "enpoint",
              "Stage": "test"
            },
            "timeouts": null,
            "vpc_id": "vpc-0fa06d0dc8235eb93"
          },
          "private": "eyJlMmJmYjczMC1lY2FhLTExZTYtOGY4OC0zNDM2M2JjN2M0YzAiOnsiY3JlYXRlIjo2MDAwMDAwMDAwMDAsImRlbGV0ZSI6NjAwMDAwMDAwMDAwfSwic2NoZW1hX3ZlcnNpb24iOiIxIn0=",
          "dependencies": [
            "module.vpc.aws_vpc.default"
          ]
        }
      ]
    },
    {
      "module": "module.subnets",
      "mode": "managed",
      "type": "aws_security_group",
      "name": "nat_instance",
      "each": "list",
      "provider": "provider.aws",
      "instances": []
    },
    {
      "module": "module.subnets",
      "mode": "managed",
      "type": "aws_security_group_rule",
      "name": "nat_instance_egress",
      "each": "list",
      "provider": "provider.aws",
      "instances": []
    },
    {
      "module": "module.subnets",
      "mode": "managed",
      "type": "aws_security_group_rule",
      "name": "nat_instance_ingress",
      "each": "list",
      "provider": "provider.aws",
      "instances": []
    },
    {
      "module": "module.elastic_beanstalk_environment",
      "mode": "managed",
      "type": "aws_ssm_activation",
      "name": "ec2",
      "provider": "provider.aws",
      "instances": [
        {
          "schema_version": 0,
          "attributes": {
            "activation_code": "UNS1/mAHnPm4lSGSPcVc",
            "description": "",
            "expiration_date": "2020-05-08T18:21:35Z",
            "expired": null,
            "iam_role": "enpoint-test-env-eb-ec2",
            "id": "808506a2-b827-4adf-b8cd-070b9ad2e14b",
            "name": "enpoint-test-env",
            "registration_count": 0,
            "registration_limit": 1,
            "tags": {}
          },
          "private": "bnVsbA==",
          "dependencies": [
            "module.elastic_beanstalk_environment.aws_iam_role.ec2"
          ]
        }
      ]
    },
    {
      "module": "module.subnets",
      "mode": "managed",
      "type": "aws_subnet",
      "name": "private",
      "each": "list",
      "provider": "provider.aws",
      "instances": [
        {
          "index_key": 0,
          "schema_version": 1,
          "attributes": {
            "arn": "arn:aws:ec2:us-east-2:626890281217:subnet/subnet-07cead234cd90a8c7",
            "assign_ipv6_address_on_creation": false,
            "availability_zone": "us-east-2a",
            "availability_zone_id": "use2-az1",
            "cidr_block": "172.16.0.0/19",
            "id": "subnet-07cead234cd90a8c7",
            "ipv6_cidr_block": "",
            "ipv6_cidr_block_association_id": "",
            "map_public_ip_on_launch": false,
            "outpost_arn": "",
            "owner_id": "626890281217",
            "tags": {
              "Attributes": "private",
              "Name": "endpoint-test-subnet-private-us-east-2a",
              "Namespace": "endpoint",
              "Stage": "test",
              "cpco.io/subnet/type": "private"
            },
            "timeouts": null,
            "vpc_id": "vpc-0fa06d0dc8235eb93"
          },
          "private": "eyJlMmJmYjczMC1lY2FhLTExZTYtOGY4OC0zNDM2M2JjN2M0YzAiOnsiY3JlYXRlIjo2MDAwMDAwMDAwMDAsImRlbGV0ZSI6MTIwMDAwMDAwMDAwMH0sInNjaGVtYV92ZXJzaW9uIjoiMSJ9",
          "dependencies": [
            "module.vpc.aws_vpc.default"
          ]
        },
        {
          "index_key": 1,
          "schema_version": 1,
          "attributes": {
            "arn": "arn:aws:ec2:us-east-2:626890281217:subnet/subnet-0bc3fc0fd64e42cf0",
            "assign_ipv6_address_on_creation": false,
            "availability_zone": "us-east-2b",
            "availability_zone_id": "use2-az2",
            "cidr_block": "172.16.32.0/19",
            "id": "subnet-0bc3fc0fd64e42cf0",
            "ipv6_cidr_block": "",
            "ipv6_cidr_block_association_id": "",
            "map_public_ip_on_launch": false,
            "outpost_arn": "",
            "owner_id": "626890281217",
            "tags": {
              "Attributes": "private",
              "Name": "endpoint-test-subnet-private-us-east-2b",
              "Namespace": "endpoint",
              "Stage": "test",
              "cpco.io/subnet/type": "private"
            },
            "timeouts": null,
            "vpc_id": "vpc-0fa06d0dc8235eb93"
          },
          "private": "eyJlMmJmYjczMC1lY2FhLTExZTYtOGY4OC0zNDM2M2JjN2M0YzAiOnsiY3JlYXRlIjo2MDAwMDAwMDAwMDAsImRlbGV0ZSI6MTIwMDAwMDAwMDAwMH0sInNjaGVtYV92ZXJzaW9uIjoiMSJ9",
          "dependencies": [
            "module.vpc.aws_vpc.default"
          ]
        }
      ]
    },
    {
      "module": "module.subnets",
      "mode": "managed",
      "type": "aws_subnet",
      "name": "public",
      "each": "list",
      "provider": "provider.aws",
      "instances": [
        {
          "index_key": 0,
          "schema_version": 1,
          "attributes": {
            "arn": "arn:aws:ec2:us-east-2:626890281217:subnet/subnet-0f83a598c690c3235",
            "assign_ipv6_address_on_creation": false,
            "availability_zone": "us-east-2a",
            "availability_zone_id": "use2-az1",
            "cidr_block": "172.16.96.0/19",
            "id": "subnet-0f83a598c690c3235",
            "ipv6_cidr_block": "",
            "ipv6_cidr_block_association_id": "",
            "map_public_ip_on_launch": true,
            "outpost_arn": "",
            "owner_id": "626890281217",
            "tags": {
              "Attributes": "public",
              "Name": "endpoint-test-subnet-public-us-east-2a",
              "Namespace": "endpoint",
              "Stage": "test",
              "cpco.io/subnet/type": "public"
            },
            "timeouts": null,
            "vpc_id": "vpc-0fa06d0dc8235eb93"
          },
          "private": "eyJlMmJmYjczMC1lY2FhLTExZTYtOGY4OC0zNDM2M2JjN2M0YzAiOnsiY3JlYXRlIjo2MDAwMDAwMDAwMDAsImRlbGV0ZSI6MTIwMDAwMDAwMDAwMH0sInNjaGVtYV92ZXJzaW9uIjoiMSJ9",
          "dependencies": [
            "module.vpc.aws_vpc.default"
          ]
        },
        {
          "index_key": 1,
          "schema_version": 1,
          "attributes": {
            "arn": "arn:aws:ec2:us-east-2:626890281217:subnet/subnet-08d9ef7d18f114267",
            "assign_ipv6_address_on_creation": false,
            "availability_zone": "us-east-2b",
            "availability_zone_id": "use2-az2",
            "cidr_block": "172.16.128.0/19",
            "id": "subnet-08d9ef7d18f114267",
            "ipv6_cidr_block": "",
            "ipv6_cidr_block_association_id": "",
            "map_public_ip_on_launch": true,
            "outpost_arn": "",
            "owner_id": "626890281217",
            "tags": {
              "Attributes": "public",
              "Name": "endpoint-test-subnet-public-us-east-2b",
              "Namespace": "endpoint",
              "Stage": "test",
              "cpco.io/subnet/type": "public"
            },
            "timeouts": null,
            "vpc_id": "vpc-0fa06d0dc8235eb93"
          },
          "private": "eyJlMmJmYjczMC1lY2FhLTExZTYtOGY4OC0zNDM2M2JjN2M0YzAiOnsiY3JlYXRlIjo2MDAwMDAwMDAwMDAsImRlbGV0ZSI6MTIwMDAwMDAwMDAwMH0sInNjaGVtYV92ZXJzaW9uIjoiMSJ9",
          "dependencies": [
            "module.vpc.aws_vpc.default"
          ]
        }
      ]
    },
    {
      "module": "module.vpc",
      "mode": "managed",
      "type": "aws_vpc",
      "name": "default",
      "provider": "provider.aws",
      "instances": [
        {
          "schema_version": 1,
          "attributes": {
            "arn": "arn:aws:ec2:us-east-2:626890281217:vpc/vpc-0fa06d0dc8235eb93",
            "assign_generated_ipv6_cidr_block": true,
            "cidr_block": "172.16.0.0/16",
            "default_network_acl_id": "acl-0296f98fa4217f898",
            "default_route_table_id": "rtb-08cf5f324857f6d15",
            "default_security_group_id": "sg-069b858c97aa5d008",
            "dhcp_options_id": "dopt-dd03b7b6",
            "enable_classiclink": false,
            "enable_classiclink_dns_support": false,
            "enable_dns_hostnames": true,
            "enable_dns_support": true,
            "id": "vpc-0fa06d0dc8235eb93",
            "instance_tenancy": "default",
            "ipv6_association_id": "vpc-cidr-assoc-02983c3b5a09ad74a",
            "ipv6_cidr_block": "2600:1f16:253:600::/56",
            "main_route_table_id": "rtb-08cf5f324857f6d15",
            "owner_id": "626890281217",
            "tags": {
              "Name": "endpoint-test-vpc",
              "Namespace": "endpoint",
              "Stage": "test"
            }
          },
          "private": "eyJzY2hlbWFfdmVyc2lvbiI6IjEifQ=="
        }
      ]
    },
    {
      "module": "module.build.module.codebuild",
      "mode": "managed",
      "type": "random_string",
      "name": "bucket_prefix",
      "each": "list",
      "provider": "provider.random",
      "instances": [
        {
          "index_key": 0,
          "schema_version": 1,
          "attributes": {
            "id": "ngvtsmemuazi",
            "keepers": null,
            "length": 12,
            "lower": true,
            "min_lower": 0,
            "min_numeric": 0,
            "min_special": 0,
            "min_upper": 0,
            "number": false,
            "override_special": null,
            "result": "ngvtsmemuazi",
            "special": false,
            "upper": false
          },
          "private": "eyJzY2hlbWFfdmVyc2lvbiI6IjEifQ=="
        }
      ]
    }
  ]
}
